// !$*UTF8*$!
{
	archiveVersion = 1;
	classes = {
	};
	objectVersion = 50;
	objects = {

/* Begin PBXBuildFile section */
		8E326B7B2581B73500A80D36 /* SliderControlView.xib in Resources */ = {isa = PBXBuildFile; fileRef = 8E326B7A2581B73500A80D36 /* SliderControlView.xib */; };
		8E36F73725930914004BC2F3 /* ControlView.swift in Sources */ = {isa = PBXBuildFile; fileRef = 8E36F73625930914004BC2F3 /* ControlView.swift */; };
		8E36F73F25930969004BC2F3 /* SliderControlView.swift in Sources */ = {isa = PBXBuildFile; fileRef = 8E36F73E25930969004BC2F3 /* SliderControlView.swift */; };
		8E36F74A25931669004BC2F3 /* GestureControlView.swift in Sources */ = {isa = PBXBuildFile; fileRef = 8E36F74925931669004BC2F3 /* GestureControlView.swift */; };
		8E36F74F25931796004BC2F3 /* ControlViewTarget.swift in Sources */ = {isa = PBXBuildFile; fileRef = 8E36F74E25931796004BC2F3 /* ControlViewTarget.swift */; };
		8E36F75725931993004BC2F3 /* TileLayer.swift in Sources */ = {isa = PBXBuildFile; fileRef = 8E36F75625931993004BC2F3 /* TileLayer.swift */; };
		8E8D95A3258C3165000CD481 /* MoireView.swift in Sources */ = {isa = PBXBuildFile; fileRef = 8E8D95A2258C3165000CD481 /* MoireView.swift */; };
		8E96B7A6257F33CF007527E2 /* AppDelegate.m in Sources */ = {isa = PBXBuildFile; fileRef = 8E96B7A5257F33CF007527E2 /* AppDelegate.m */; };
		8E96B7A9257F33CF007527E2 /* SceneDelegate.m in Sources */ = {isa = PBXBuildFile; fileRef = 8E96B7A8257F33CF007527E2 /* SceneDelegate.m */; };
		8E96B7AC257F33CF007527E2 /* ViewController.m in Sources */ = {isa = PBXBuildFile; fileRef = 8E96B7AB257F33CF007527E2 /* ViewController.m */; };
		8E96B7AF257F33CF007527E2 /* Main.storyboard in Resources */ = {isa = PBXBuildFile; fileRef = 8E96B7AD257F33CF007527E2 /* Main.storyboard */; };
		8E96B7B1257F33D3007527E2 /* Assets.xcassets in Resources */ = {isa = PBXBuildFile; fileRef = 8E96B7B0257F33D3007527E2 /* Assets.xcassets */; };
		8E96B7B4257F33D3007527E2 /* LaunchScreen.storyboard in Resources */ = {isa = PBXBuildFile; fileRef = 8E96B7B2257F33D3007527E2 /* LaunchScreen.storyboard */; };
		8E96B7B7257F33D3007527E2 /* main.m in Sources */ = {isa = PBXBuildFile; fileRef = 8E96B7B6257F33D3007527E2 /* main.m */; };
		8E96B7C1257F33D4007527E2 /* MoireStudiesTests.m in Sources */ = {isa = PBXBuildFile; fileRef = 8E96B7C0257F33D4007527E2 /* MoireStudiesTests.m */; };
		8E96B7CC257F33D4007527E2 /* MoireStudiesUITests.m in Sources */ = {isa = PBXBuildFile; fileRef = 8E96B7CB257F33D4007527E2 /* MoireStudiesUITests.m */; };
		8E96B7EA257F4B5B007527E2 /* Pattern.m in Sources */ = {isa = PBXBuildFile; fileRef = 8E96B7E9257F4B5B007527E2 /* Pattern.m */; };
		8E96B836257F7107007527E2 /* PatternView.m in Sources */ = {isa = PBXBuildFile; fileRef = 8E96B835257F7107007527E2 /* PatternView.m */; };
/* End PBXBuildFile section */

/* Begin PBXContainerItemProxy section */
		8E96B7BD257F33D4007527E2 /* PBXContainerItemProxy */ = {
			isa = PBXContainerItemProxy;
			containerPortal = 8E96B799257F33CF007527E2 /* Project object */;
			proxyType = 1;
			remoteGlobalIDString = 8E96B7A0257F33CF007527E2;
			remoteInfo = MoireStudies;
		};
		8E96B7C8257F33D4007527E2 /* PBXContainerItemProxy */ = {
			isa = PBXContainerItemProxy;
			containerPortal = 8E96B799257F33CF007527E2 /* Project object */;
			proxyType = 1;
			remoteGlobalIDString = 8E96B7A0257F33CF007527E2;
			remoteInfo = MoireStudies;
		};
/* End PBXContainerItemProxy section */

/* Begin PBXFileReference section */
		8E326B7A2581B73500A80D36 /* SliderControlView.xib */ = {isa = PBXFileReference; lastKnownFileType = file.xib; path = SliderControlView.xib; sourceTree = "<group>"; };
		8E36F73625930914004BC2F3 /* ControlView.swift */ = {isa = PBXFileReference; lastKnownFileType = sourcecode.swift; path = ControlView.swift; sourceTree = "<group>"; };
		8E36F73E25930969004BC2F3 /* SliderControlView.swift */ = {isa = PBXFileReference; lastKnownFileType = sourcecode.swift; path = SliderControlView.swift; sourceTree = "<group>"; };
		8E36F74925931669004BC2F3 /* GestureControlView.swift */ = {isa = PBXFileReference; lastKnownFileType = sourcecode.swift; path = GestureControlView.swift; sourceTree = "<group>"; };
		8E36F74E25931796004BC2F3 /* ControlViewTarget.swift */ = {isa = PBXFileReference; lastKnownFileType = sourcecode.swift; path = ControlViewTarget.swift; sourceTree = "<group>"; };
		8E36F75625931993004BC2F3 /* TileLayer.swift */ = {isa = PBXFileReference; lastKnownFileType = sourcecode.swift; path = TileLayer.swift; sourceTree = "<group>"; };
		8E8D95A1258C3165000CD481 /* MoireStudies-Bridging-Header.h */ = {isa = PBXFileReference; lastKnownFileType = sourcecode.c.h; path = "MoireStudies-Bridging-Header.h"; sourceTree = "<group>"; };
		8E8D95A2258C3165000CD481 /* MoireView.swift */ = {isa = PBXFileReference; lastKnownFileType = sourcecode.swift; path = MoireView.swift; sourceTree = "<group>"; };
		8E96B7A1257F33CF007527E2 /* MoireStudies.app */ = {isa = PBXFileReference; explicitFileType = wrapper.application; includeInIndex = 0; path = MoireStudies.app; sourceTree = BUILT_PRODUCTS_DIR; };
		8E96B7A4257F33CF007527E2 /* AppDelegate.h */ = {isa = PBXFileReference; lastKnownFileType = sourcecode.c.h; path = AppDelegate.h; sourceTree = "<group>"; };
		8E96B7A5257F33CF007527E2 /* AppDelegate.m */ = {isa = PBXFileReference; lastKnownFileType = sourcecode.c.objc; path = AppDelegate.m; sourceTree = "<group>"; };
		8E96B7A7257F33CF007527E2 /* SceneDelegate.h */ = {isa = PBXFileReference; lastKnownFileType = sourcecode.c.h; path = SceneDelegate.h; sourceTree = "<group>"; };
		8E96B7A8257F33CF007527E2 /* SceneDelegate.m */ = {isa = PBXFileReference; lastKnownFileType = sourcecode.c.objc; path = SceneDelegate.m; sourceTree = "<group>"; };
		8E96B7AA257F33CF007527E2 /* ViewController.h */ = {isa = PBXFileReference; lastKnownFileType = sourcecode.c.h; path = ViewController.h; sourceTree = "<group>"; };
		8E96B7AB257F33CF007527E2 /* ViewController.m */ = {isa = PBXFileReference; lastKnownFileType = sourcecode.c.objc; path = ViewController.m; sourceTree = "<group>"; };
		8E96B7AE257F33CF007527E2 /* Base */ = {isa = PBXFileReference; lastKnownFileType = file.storyboard; name = Base; path = Base.lproj/Main.storyboard; sourceTree = "<group>"; };
		8E96B7B0257F33D3007527E2 /* Assets.xcassets */ = {isa = PBXFileReference; lastKnownFileType = folder.assetcatalog; path = Assets.xcassets; sourceTree = "<group>"; };
		8E96B7B3257F33D3007527E2 /* Base */ = {isa = PBXFileReference; lastKnownFileType = file.storyboard; name = Base; path = Base.lproj/LaunchScreen.storyboard; sourceTree = "<group>"; };
		8E96B7B5257F33D3007527E2 /* Info.plist */ = {isa = PBXFileReference; lastKnownFileType = text.plist.xml; path = Info.plist; sourceTree = "<group>"; };
		8E96B7B6257F33D3007527E2 /* main.m */ = {isa = PBXFileReference; lastKnownFileType = sourcecode.c.objc; path = main.m; sourceTree = "<group>"; };
		8E96B7BC257F33D4007527E2 /* MoireStudiesTests.xctest */ = {isa = PBXFileReference; explicitFileType = wrapper.cfbundle; includeInIndex = 0; path = MoireStudiesTests.xctest; sourceTree = BUILT_PRODUCTS_DIR; };
		8E96B7C0257F33D4007527E2 /* MoireStudiesTests.m */ = {isa = PBXFileReference; lastKnownFileType = sourcecode.c.objc; path = MoireStudiesTests.m; sourceTree = "<group>"; };
		8E96B7C2257F33D4007527E2 /* Info.plist */ = {isa = PBXFileReference; lastKnownFileType = text.plist.xml; path = Info.plist; sourceTree = "<group>"; };
		8E96B7C7257F33D4007527E2 /* MoireStudiesUITests.xctest */ = {isa = PBXFileReference; explicitFileType = wrapper.cfbundle; includeInIndex = 0; path = MoireStudiesUITests.xctest; sourceTree = BUILT_PRODUCTS_DIR; };
		8E96B7CB257F33D4007527E2 /* MoireStudiesUITests.m */ = {isa = PBXFileReference; lastKnownFileType = sourcecode.c.objc; path = MoireStudiesUITests.m; sourceTree = "<group>"; };
		8E96B7CD257F33D4007527E2 /* Info.plist */ = {isa = PBXFileReference; lastKnownFileType = text.plist.xml; path = Info.plist; sourceTree = "<group>"; };
		8E96B7E8257F4B5B007527E2 /* Pattern.h */ = {isa = PBXFileReference; lastKnownFileType = sourcecode.c.h; path = Pattern.h; sourceTree = "<group>"; };
		8E96B7E9257F4B5B007527E2 /* Pattern.m */ = {isa = PBXFileReference; lastKnownFileType = sourcecode.c.objc; path = Pattern.m; sourceTree = "<group>"; };
		8E96B834257F7107007527E2 /* PatternView.h */ = {isa = PBXFileReference; lastKnownFileType = sourcecode.c.h; path = PatternView.h; sourceTree = "<group>"; };
		8E96B835257F7107007527E2 /* PatternView.m */ = {isa = PBXFileReference; lastKnownFileType = sourcecode.c.objc; path = PatternView.m; sourceTree = "<group>"; };
/* End PBXFileReference section */

/* Begin PBXFrameworksBuildPhase section */
		8E96B79E257F33CF007527E2 /* Frameworks */ = {
			isa = PBXFrameworksBuildPhase;
			buildActionMask = 2147483647;
			files = (
			);
			runOnlyForDeploymentPostprocessing = 0;
		};
		8E96B7B9257F33D4007527E2 /* Frameworks */ = {
			isa = PBXFrameworksBuildPhase;
			buildActionMask = 2147483647;
			files = (
			);
			runOnlyForDeploymentPostprocessing = 0;
		};
		8E96B7C4257F33D4007527E2 /* Frameworks */ = {
			isa = PBXFrameworksBuildPhase;
			buildActionMask = 2147483647;
			files = (
			);
			runOnlyForDeploymentPostprocessing = 0;
		};
/* End PBXFrameworksBuildPhase section */

/* Begin PBXGroup section */
		8E96B798257F33CF007527E2 = {
			isa = PBXGroup;
			children = (
				8E96B7A3257F33CF007527E2 /* MoireStudies */,
				8E96B7BF257F33D4007527E2 /* MoireStudiesTests */,
				8E96B7CA257F33D4007527E2 /* MoireStudiesUITests */,
				8E96B7A2257F33CF007527E2 /* Products */,
			);
			sourceTree = "<group>";
		};
		8E96B7A2257F33CF007527E2 /* Products */ = {
			isa = PBXGroup;
			children = (
				8E96B7A1257F33CF007527E2 /* MoireStudies.app */,
				8E96B7BC257F33D4007527E2 /* MoireStudiesTests.xctest */,
				8E96B7C7257F33D4007527E2 /* MoireStudiesUITests.xctest */,
			);
			name = Products;
			sourceTree = "<group>";
		};
		8E96B7A3257F33CF007527E2 /* MoireStudies */ = {
			isa = PBXGroup;
			children = (
				8E96B7A4257F33CF007527E2 /* AppDelegate.h */,
				8E96B7A5257F33CF007527E2 /* AppDelegate.m */,
				8E96B7A7257F33CF007527E2 /* SceneDelegate.h */,
				8E96B7A8257F33CF007527E2 /* SceneDelegate.m */,
				8E8D95A2258C3165000CD481 /* MoireView.swift */,
				8E96B7AA257F33CF007527E2 /* ViewController.h */,
				8E96B7AB257F33CF007527E2 /* ViewController.m */,
				8E96B7E8257F4B5B007527E2 /* Pattern.h */,
				8E96B7E9257F4B5B007527E2 /* Pattern.m */,
				8E96B834257F7107007527E2 /* PatternView.h */,
				8E96B835257F7107007527E2 /* PatternView.m */,
				8E36F73625930914004BC2F3 /* ControlView.swift */,
				8E326B7A2581B73500A80D36 /* SliderControlView.xib */,
				8E36F73E25930969004BC2F3 /* SliderControlView.swift */,
				8E36F74925931669004BC2F3 /* GestureControlView.swift */,
				8E36F74E25931796004BC2F3 /* ControlViewTarget.swift */,
				8E36F75625931993004BC2F3 /* TileLayer.swift */,
				8E96B7AD257F33CF007527E2 /* Main.storyboard */,
				8E96B7B0257F33D3007527E2 /* Assets.xcassets */,
				8E96B7B2257F33D3007527E2 /* LaunchScreen.storyboard */,
				8E96B7B5257F33D3007527E2 /* Info.plist */,
				8E96B7B6257F33D3007527E2 /* main.m */,
				8E8D95A1258C3165000CD481 /* MoireStudies-Bridging-Header.h */,
			);
			path = MoireStudies;
			sourceTree = "<group>";
		};
		8E96B7BF257F33D4007527E2 /* MoireStudiesTests */ = {
			isa = PBXGroup;
			children = (
				8E96B7C0257F33D4007527E2 /* MoireStudiesTests.m */,
				8E96B7C2257F33D4007527E2 /* Info.plist */,
			);
			path = MoireStudiesTests;
			sourceTree = "<group>";
		};
		8E96B7CA257F33D4007527E2 /* MoireStudiesUITests */ = {
			isa = PBXGroup;
			children = (
				8E96B7CB257F33D4007527E2 /* MoireStudiesUITests.m */,
				8E96B7CD257F33D4007527E2 /* Info.plist */,
			);
			path = MoireStudiesUITests;
			sourceTree = "<group>";
		};
/* End PBXGroup section */

/* Begin PBXNativeTarget section */
		8E96B7A0257F33CF007527E2 /* MoireStudies */ = {
			isa = PBXNativeTarget;
			buildConfigurationList = 8E96B7D0257F33D4007527E2 /* Build configuration list for PBXNativeTarget "MoireStudies" */;
			buildPhases = (
				8E96B79D257F33CF007527E2 /* Sources */,
				8E96B79E257F33CF007527E2 /* Frameworks */,
				8E96B79F257F33CF007527E2 /* Resources */,
			);
			buildRules = (
			);
			dependencies = (
			);
			name = MoireStudies;
			productName = MoireStudies;
			productReference = 8E96B7A1257F33CF007527E2 /* MoireStudies.app */;
			productType = "com.apple.product-type.application";
		};
		8E96B7BB257F33D4007527E2 /* MoireStudiesTests */ = {
			isa = PBXNativeTarget;
			buildConfigurationList = 8E96B7D3257F33D4007527E2 /* Build configuration list for PBXNativeTarget "MoireStudiesTests" */;
			buildPhases = (
				8E96B7B8257F33D4007527E2 /* Sources */,
				8E96B7B9257F33D4007527E2 /* Frameworks */,
				8E96B7BA257F33D4007527E2 /* Resources */,
			);
			buildRules = (
			);
			dependencies = (
				8E96B7BE257F33D4007527E2 /* PBXTargetDependency */,
			);
			name = MoireStudiesTests;
			productName = MoireStudiesTests;
			productReference = 8E96B7BC257F33D4007527E2 /* MoireStudiesTests.xctest */;
			productType = "com.apple.product-type.bundle.unit-test";
		};
		8E96B7C6257F33D4007527E2 /* MoireStudiesUITests */ = {
			isa = PBXNativeTarget;
			buildConfigurationList = 8E96B7D6257F33D4007527E2 /* Build configuration list for PBXNativeTarget "MoireStudiesUITests" */;
			buildPhases = (
				8E96B7C3257F33D4007527E2 /* Sources */,
				8E96B7C4257F33D4007527E2 /* Frameworks */,
				8E96B7C5257F33D4007527E2 /* Resources */,
			);
			buildRules = (
			);
			dependencies = (
				8E96B7C9257F33D4007527E2 /* PBXTargetDependency */,
			);
			name = MoireStudiesUITests;
			productName = MoireStudiesUITests;
			productReference = 8E96B7C7257F33D4007527E2 /* MoireStudiesUITests.xctest */;
			productType = "com.apple.product-type.bundle.ui-testing";
		};
/* End PBXNativeTarget section */

/* Begin PBXProject section */
		8E96B799257F33CF007527E2 /* Project object */ = {
			isa = PBXProject;
			attributes = {
				LastUpgradeCheck = 1220;
				TargetAttributes = {
					8E96B7A0257F33CF007527E2 = {
						CreatedOnToolsVersion = 12.2;
						LastSwiftMigration = 1220;
					};
					8E96B7BB257F33D4007527E2 = {
						CreatedOnToolsVersion = 12.2;
						TestTargetID = 8E96B7A0257F33CF007527E2;
					};
					8E96B7C6257F33D4007527E2 = {
						CreatedOnToolsVersion = 12.2;
						TestTargetID = 8E96B7A0257F33CF007527E2;
					};
				};
			};
			buildConfigurationList = 8E96B79C257F33CF007527E2 /* Build configuration list for PBXProject "MoireStudies" */;
			compatibilityVersion = "Xcode 9.3";
			developmentRegion = en;
			hasScannedForEncodings = 0;
			knownRegions = (
				en,
				Base,
			);
			mainGroup = 8E96B798257F33CF007527E2;
			productRefGroup = 8E96B7A2257F33CF007527E2 /* Products */;
			projectDirPath = "";
			projectRoot = "";
			targets = (
				8E96B7A0257F33CF007527E2 /* MoireStudies */,
				8E96B7BB257F33D4007527E2 /* MoireStudiesTests */,
				8E96B7C6257F33D4007527E2 /* MoireStudiesUITests */,
			);
		};
/* End PBXProject section */

/* Begin PBXResourcesBuildPhase section */
		8E96B79F257F33CF007527E2 /* Resources */ = {
			isa = PBXResourcesBuildPhase;
			buildActionMask = 2147483647;
			files = (
				8E96B7B4257F33D3007527E2 /* LaunchScreen.storyboard in Resources */,
				8E326B7B2581B73500A80D36 /* SliderControlView.xib in Resources */,
				8E96B7B1257F33D3007527E2 /* Assets.xcassets in Resources */,
				8E96B7AF257F33CF007527E2 /* Main.storyboard in Resources */,
			);
			runOnlyForDeploymentPostprocessing = 0;
		};
		8E96B7BA257F33D4007527E2 /* Resources */ = {
			isa = PBXResourcesBuildPhase;
			buildActionMask = 2147483647;
			files = (
			);
			runOnlyForDeploymentPostprocessing = 0;
		};
		8E96B7C5257F33D4007527E2 /* Resources */ = {
			isa = PBXResourcesBuildPhase;
			buildActionMask = 2147483647;
			files = (
			);
			runOnlyForDeploymentPostprocessing = 0;
		};
/* End PBXResourcesBuildPhase section */

/* Begin PBXSourcesBuildPhase section */
		8E96B79D257F33CF007527E2 /* Sources */ = {
			isa = PBXSourcesBuildPhase;
			buildActionMask = 2147483647;
			files = (
				8E96B7AC257F33CF007527E2 /* ViewController.m in Sources */,
				8E96B836257F7107007527E2 /* PatternView.m in Sources */,
				8E96B7EA257F4B5B007527E2 /* Pattern.m in Sources */,
				8E36F73725930914004BC2F3 /* ControlView.swift in Sources */,
				8E36F74A25931669004BC2F3 /* GestureControlView.swift in Sources */,
				8E96B7A6257F33CF007527E2 /* AppDelegate.m in Sources */,
				8E36F73F25930969004BC2F3 /* SliderControlView.swift in Sources */,
				8E36F75725931993004BC2F3 /* TileLayer.swift in Sources */,
				8E8D95A3258C3165000CD481 /* MoireView.swift in Sources */,
				8E96B7B7257F33D3007527E2 /* main.m in Sources */,
				8E36F74F25931796004BC2F3 /* ControlViewTarget.swift in Sources */,
				8E96B7A9257F33CF007527E2 /* SceneDelegate.m in Sources */,
			);
			runOnlyForDeploymentPostprocessing = 0;
		};
		8E96B7B8257F33D4007527E2 /* Sources */ = {
			isa = PBXSourcesBuildPhase;
			buildActionMask = 2147483647;
			files = (
				8E96B7C1257F33D4007527E2 /* MoireStudiesTests.m in Sources */,
			);
			runOnlyForDeploymentPostprocessing = 0;
		};
		8E96B7C3257F33D4007527E2 /* Sources */ = {
			isa = PBXSourcesBuildPhase;
			buildActionMask = 2147483647;
			files = (
				8E96B7CC257F33D4007527E2 /* MoireStudiesUITests.m in Sources */,
			);
			runOnlyForDeploymentPostprocessing = 0;
		};
/* End PBXSourcesBuildPhase section */

/* Begin PBXTargetDependency section */
		8E96B7BE257F33D4007527E2 /* PBXTargetDependency */ = {
			isa = PBXTargetDependency;
			target = 8E96B7A0257F33CF007527E2 /* MoireStudies */;
			targetProxy = 8E96B7BD257F33D4007527E2 /* PBXContainerItemProxy */;
		};
		8E96B7C9257F33D4007527E2 /* PBXTargetDependency */ = {
			isa = PBXTargetDependency;
			target = 8E96B7A0257F33CF007527E2 /* MoireStudies */;
			targetProxy = 8E96B7C8257F33D4007527E2 /* PBXContainerItemProxy */;
		};
/* End PBXTargetDependency section */

/* Begin PBXVariantGroup section */
		8E96B7AD257F33CF007527E2 /* Main.storyboard */ = {
			isa = PBXVariantGroup;
			children = (
				8E96B7AE257F33CF007527E2 /* Base */,
			);
			name = Main.storyboard;
			sourceTree = "<group>";
		};
		8E96B7B2257F33D3007527E2 /* LaunchScreen.storyboard */ = {
			isa = PBXVariantGroup;
			children = (
				8E96B7B3257F33D3007527E2 /* Base */,
			);
			name = LaunchScreen.storyboard;
			sourceTree = "<group>";
		};
/* End PBXVariantGroup section */

/* Begin XCBuildConfiguration section */
		8E96B7CE257F33D4007527E2 /* Debug */ = {
			isa = XCBuildConfiguration;
			buildSettings = {
				ALWAYS_SEARCH_USER_PATHS = NO;
				CLANG_ANALYZER_NONNULL = YES;
				CLANG_ANALYZER_NUMBER_OBJECT_CONVERSION = YES_AGGRESSIVE;
				CLANG_CXX_LANGUAGE_STANDARD = "gnu++14";
				CLANG_CXX_LIBRARY = "libc++";
				CLANG_ENABLE_MODULES = YES;
				CLANG_ENABLE_OBJC_ARC = YES;
				CLANG_ENABLE_OBJC_WEAK = YES;
				CLANG_WARN_BLOCK_CAPTURE_AUTORELEASING = YES;
				CLANG_WARN_BOOL_CONVERSION = YES;
				CLANG_WARN_COMMA = YES;
				CLANG_WARN_CONSTANT_CONVERSION = YES;
				CLANG_WARN_DEPRECATED_OBJC_IMPLEMENTATIONS = YES;
				CLANG_WARN_DIRECT_OBJC_ISA_USAGE = YES_ERROR;
				CLANG_WARN_DOCUMENTATION_COMMENTS = YES;
				CLANG_WARN_EMPTY_BODY = YES;
				CLANG_WARN_ENUM_CONVERSION = YES;
				CLANG_WARN_INFINITE_RECURSION = YES;
				CLANG_WARN_INT_CONVERSION = YES;
				CLANG_WARN_NON_LITERAL_NULL_CONVERSION = YES;
				CLANG_WARN_OBJC_IMPLICIT_RETAIN_SELF = YES;
				CLANG_WARN_OBJC_LITERAL_CONVERSION = YES;
				CLANG_WARN_OBJC_ROOT_CLASS = YES_ERROR;
				CLANG_WARN_QUOTED_INCLUDE_IN_FRAMEWORK_HEADER = YES;
				CLANG_WARN_RANGE_LOOP_ANALYSIS = YES;
				CLANG_WARN_STRICT_PROTOTYPES = YES;
				CLANG_WARN_SUSPICIOUS_MOVE = YES;
				CLANG_WARN_UNGUARDED_AVAILABILITY = YES_AGGRESSIVE;
				CLANG_WARN_UNREACHABLE_CODE = YES;
				CLANG_WARN__DUPLICATE_METHOD_MATCH = YES;
				COPY_PHASE_STRIP = NO;
				DEBUG_INFORMATION_FORMAT = dwarf;
				ENABLE_STRICT_OBJC_MSGSEND = YES;
				ENABLE_TESTABILITY = YES;
				GCC_C_LANGUAGE_STANDARD = gnu11;
				GCC_DYNAMIC_NO_PIC = NO;
				GCC_NO_COMMON_BLOCKS = YES;
				GCC_OPTIMIZATION_LEVEL = 0;
				GCC_PREPROCESSOR_DEFINITIONS = (
					"DEBUG=1",
					"$(inherited)",
				);
				GCC_WARN_64_TO_32_BIT_CONVERSION = YES;
				GCC_WARN_ABOUT_RETURN_TYPE = YES_ERROR;
				GCC_WARN_UNDECLARED_SELECTOR = YES;
				GCC_WARN_UNINITIALIZED_AUTOS = YES_AGGRESSIVE;
				GCC_WARN_UNUSED_FUNCTION = YES;
				GCC_WARN_UNUSED_VARIABLE = YES;
				IPHONEOS_DEPLOYMENT_TARGET = 14.2;
				MTL_ENABLE_DEBUG_INFO = INCLUDE_SOURCE;
				MTL_FAST_MATH = YES;
				ONLY_ACTIVE_ARCH = YES;
				SDKROOT = iphoneos;
			};
			name = Debug;
		};
		8E96B7CF257F33D4007527E2 /* Release */ = {
			isa = XCBuildConfiguration;
			buildSettings = {
				ALWAYS_SEARCH_USER_PATHS = NO;
				CLANG_ANALYZER_NONNULL = YES;
				CLANG_ANALYZER_NUMBER_OBJECT_CONVERSION = YES_AGGRESSIVE;
				CLANG_CXX_LANGUAGE_STANDARD = "gnu++14";
				CLANG_CXX_LIBRARY = "libc++";
				CLANG_ENABLE_MODULES = YES;
				CLANG_ENABLE_OBJC_ARC = YES;
				CLANG_ENABLE_OBJC_WEAK = YES;
				CLANG_WARN_BLOCK_CAPTURE_AUTORELEASING = YES;
				CLANG_WARN_BOOL_CONVERSION = YES;
				CLANG_WARN_COMMA = YES;
				CLANG_WARN_CONSTANT_CONVERSION = YES;
				CLANG_WARN_DEPRECATED_OBJC_IMPLEMENTATIONS = YES;
				CLANG_WARN_DIRECT_OBJC_ISA_USAGE = YES_ERROR;
				CLANG_WARN_DOCUMENTATION_COMMENTS = YES;
				CLANG_WARN_EMPTY_BODY = YES;
				CLANG_WARN_ENUM_CONVERSION = YES;
				CLANG_WARN_INFINITE_RECURSION = YES;
				CLANG_WARN_INT_CONVERSION = YES;
				CLANG_WARN_NON_LITERAL_NULL_CONVERSION = YES;
				CLANG_WARN_OBJC_IMPLICIT_RETAIN_SELF = YES;
				CLANG_WARN_OBJC_LITERAL_CONVERSION = YES;
				CLANG_WARN_OBJC_ROOT_CLASS = YES_ERROR;
				CLANG_WARN_QUOTED_INCLUDE_IN_FRAMEWORK_HEADER = YES;
				CLANG_WARN_RANGE_LOOP_ANALYSIS = YES;
				CLANG_WARN_STRICT_PROTOTYPES = YES;
				CLANG_WARN_SUSPICIOUS_MOVE = YES;
				CLANG_WARN_UNGUARDED_AVAILABILITY = YES_AGGRESSIVE;
				CLANG_WARN_UNREACHABLE_CODE = YES;
				CLANG_WARN__DUPLICATE_METHOD_MATCH = YES;
				COPY_PHASE_STRIP = NO;
				DEBUG_INFORMATION_FORMAT = "dwarf-with-dsym";
				ENABLE_NS_ASSERTIONS = NO;
				ENABLE_STRICT_OBJC_MSGSEND = YES;
				GCC_C_LANGUAGE_STANDARD = gnu11;
				GCC_NO_COMMON_BLOCKS = YES;
				GCC_WARN_64_TO_32_BIT_CONVERSION = YES;
				GCC_WARN_ABOUT_RETURN_TYPE = YES_ERROR;
				GCC_WARN_UNDECLARED_SELECTOR = YES;
				GCC_WARN_UNINITIALIZED_AUTOS = YES_AGGRESSIVE;
				GCC_WARN_UNUSED_FUNCTION = YES;
				GCC_WARN_UNUSED_VARIABLE = YES;
				IPHONEOS_DEPLOYMENT_TARGET = 14.2;
				MTL_ENABLE_DEBUG_INFO = NO;
				MTL_FAST_MATH = YES;
				SDKROOT = iphoneos;
				VALIDATE_PRODUCT = YES;
			};
			name = Release;
		};
		8E96B7D1257F33D4007527E2 /* Debug */ = {
			isa = XCBuildConfiguration;
			buildSettings = {
				ASSETCATALOG_COMPILER_APPICON_NAME = AppIcon;
				ASSETCATALOG_COMPILER_GLOBAL_ACCENT_COLOR_NAME = AccentColor;
				CLANG_ENABLE_MODULES = YES;
				CODE_SIGN_STYLE = Automatic;
				DEVELOPMENT_TEAM = 3JN39R4EL8;
				INFOPLIST_FILE = MoireStudies/Info.plist;
				LD_RUNPATH_SEARCH_PATHS = (
					"$(inherited)",
					"@executable_path/Frameworks",
				);
				PRODUCT_BUNDLE_IDENTIFIER = JX.MoireStudies;
				PRODUCT_NAME = "$(TARGET_NAME)";
				SWIFT_OBJC_BRIDGING_HEADER = "MoireStudies/MoireStudies-Bridging-Header.h";
				SWIFT_OPTIMIZATION_LEVEL = "-Onone";
				SWIFT_VERSION = 5.0;
				TARGETED_DEVICE_FAMILY = "1,2";
			};
			name = Debug;
		};
		8E96B7D2257F33D4007527E2 /* Release */ = {
			isa = XCBuildConfiguration;
			buildSettings = {
				ASSETCATALOG_COMPILER_APPICON_NAME = AppIcon;
				ASSETCATALOG_COMPILER_GLOBAL_ACCENT_COLOR_NAME = AccentColor;
				CLANG_ENABLE_MODULES = YES;
				CODE_SIGN_STYLE = Automatic;
				DEVELOPMENT_TEAM = 3JN39R4EL8;
				INFOPLIST_FILE = MoireStudies/Info.plist;
				LD_RUNPATH_SEARCH_PATHS = (
					"$(inherited)",
					"@executable_path/Frameworks",
				);
				PRODUCT_BUNDLE_IDENTIFIER = JX.MoireStudies;
				PRODUCT_NAME = "$(TARGET_NAME)";
				SWIFT_OBJC_BRIDGING_HEADER = "MoireStudies/MoireStudies-Bridging-Header.h";
				SWIFT_VERSION = 5.0;
				TARGETED_DEVICE_FAMILY = "1,2";
			};
			name = Release;
		};
		8E96B7D4257F33D4007527E2 /* Debug */ = {
			isa = XCBuildConfiguration;
			buildSettings = {
				ALWAYS_EMBED_SWIFT_STANDARD_LIBRARIES = YES;
				BUNDLE_LOADER = "$(TEST_HOST)";
				CODE_SIGN_STYLE = Automatic;
				INFOPLIST_FILE = MoireStudiesTests/Info.plist;
				IPHONEOS_DEPLOYMENT_TARGET = 14.2;
				LD_RUNPATH_SEARCH_PATHS = (
					"$(inherited)",
					"@executable_path/Frameworks",
					"@loader_path/Frameworks",
				);
				PRODUCT_BUNDLE_IDENTIFIER = JX.MoireStudiesTests;
				PRODUCT_NAME = "$(TARGET_NAME)";
				TARGETED_DEVICE_FAMILY = "1,2";
				TEST_HOST = "$(BUILT_PRODUCTS_DIR)/MoireStudies.app/MoireStudies";
			};
			name = Debug;
		};
		8E96B7D5257F33D4007527E2 /* Release */ = {
			isa = XCBuildConfiguration;
			buildSettings = {
				ALWAYS_EMBED_SWIFT_STANDARD_LIBRARIES = YES;
				BUNDLE_LOADER = "$(TEST_HOST)";
				CODE_SIGN_STYLE = Automatic;
				INFOPLIST_FILE = MoireStudiesTests/Info.plist;
				IPHONEOS_DEPLOYMENT_TARGET = 14.2;
				LD_RUNPATH_SEARCH_PATHS = (
					"$(inherited)",
					"@executable_path/Frameworks",
					"@loader_path/Frameworks",
				);
				PRODUCT_BUNDLE_IDENTIFIER = JX.MoireStudiesTests;
				PRODUCT_NAME = "$(TARGET_NAME)";
				TARGETED_DEVICE_FAMILY = "1,2";
				TEST_HOST = "$(BUILT_PRODUCTS_DIR)/MoireStudies.app/MoireStudies";
			};
			name = Release;
		};
		8E96B7D7257F33D4007527E2 /* Debug */ = {
			isa = XCBuildConfiguration;
			buildSettings = {
				ALWAYS_EMBED_SWIFT_STANDARD_LIBRARIES = YES;
				CODE_SIGN_STYLE = Automatic;
				INFOPLIST_FILE = MoireStudiesUITests/Info.plist;
				LD_RUNPATH_SEARCH_PATHS = (
					"$(inherited)",
					"@executable_path/Frameworks",
					"@loader_path/Frameworks",
				);
				PRODUCT_BUNDLE_IDENTIFIER = JX.MoireStudiesUITests;
				PRODUCT_NAME = "$(TARGET_NAME)";
				TARGETED_DEVICE_FAMILY = "1,2";
				TEST_TARGET_NAME = MoireStudies;
			};
			name = Debug;
		};
		8E96B7D8257F33D4007527E2 /* Release */ = {
			isa = XCBuildConfiguration;
			buildSettings = {
				ALWAYS_EMBED_SWIFT_STANDARD_LIBRARIES = YES;
				CODE_SIGN_STYLE = Automatic;
				INFOPLIST_FILE = MoireStudiesUITests/Info.plist;
				LD_RUNPATH_SEARCH_PATHS = (
					"$(inherited)",
					"@executable_path/Frameworks",
					"@loader_path/Frameworks",
				);
				PRODUCT_BUNDLE_IDENTIFIER = JX.MoireStudiesUITests;
				PRODUCT_NAME = "$(TARGET_NAME)";
				TARGETED_DEVICE_FAMILY = "1,2";
				TEST_TARGET_NAME = MoireStudies;
			};
			name = Release;
		};
/* End XCBuildConfiguration section */

/* Begin XCConfigurationList section */
		8E96B79C257F33CF007527E2 /* Build configuration list for PBXProject "MoireStudies" */ = {
			isa = XCConfigurationList;
			buildConfigurations = (
				8E96B7CE257F33D4007527E2 /* Debug */,
				8E96B7CF257F33D4007527E2 /* Release */,
			);
			defaultConfigurationIsVisible = 0;
			defaultConfigurationName = Release;
		};
		8E96B7D0257F33D4007527E2 /* Build configuration list for PBXNativeTarget "MoireStudies" */ = {
			isa = XCConfigurationList;
			buildConfigurations = (
				8E96B7D1257F33D4007527E2 /* Debug */,
				8E96B7D2257F33D4007527E2 /* Release */,
			);
			defaultConfigurationIsVisible = 0;
			defaultConfigurationName = Release;
		};
		8E96B7D3257F33D4007527E2 /* Build configuration list for PBXNativeTarget "MoireStudiesTests" */ = {
			isa = XCConfigurationList;
			buildConfigurations = (
				8E96B7D4257F33D4007527E2 /* Debug */,
				8E96B7D5257F33D4007527E2 /* Release */,
			);
			defaultConfigurationIsVisible = 0;
			defaultConfigurationName = Release;
		};
		8E96B7D6257F33D4007527E2 /* Build configuration list for PBXNativeTarget "MoireStudiesUITests" */ = {
			isa = XCConfigurationList;
			buildConfigurations = (
				8E96B7D7257F33D4007527E2 /* Debug */,
				8E96B7D8257F33D4007527E2 /* Release */,
			);
			defaultConfigurationIsVisible = 0;
			defaultConfigurationName = Release;
		};
/* End XCConfigurationList section */
	};
	rootObject = 8E96B799257F33CF007527E2 /* Project object */;
}
