// !$*UTF8*$!
{
	archiveVersion = 1;
	classes = {
	};
	objectVersion = 50;
	objects = {

/* Begin PBXBuildFile section */
		8E1B9E7425B68AFF0021D398 /* CtrlAndPatternMatcher.swift in Sources */ = {isa = PBXBuildFile; fileRef = 8E1B9E7325B68AFF0021D398 /* CtrlAndPatternMatcher.swift */; };
		8E1B9E8325BCE2560021D398 /* UiTests.swift in Sources */ = {isa = PBXBuildFile; fileRef = 8E1B9E8225BCE2560021D398 /* UiTests.swift */; };
		8E1B9E9125BE7AB60021D398 /* MetalPatternViewShader.metal in Sources */ = {isa = PBXBuildFile; fileRef = 8E1B9E9025BE7AB60021D398 /* MetalPatternViewShader.metal */; };
		8E1B9EB625C265440021D398 /* MetalPatternRenderer.swift in Sources */ = {isa = PBXBuildFile; fileRef = 8E1B9EB525C265440021D398 /* MetalPatternRenderer.swift */; };
		8E1EDFDA25D2650E002572C3 /* WeakTileLayerContainer.swift in Sources */ = {isa = PBXBuildFile; fileRef = 8E1EDFD925D2650E002572C3 /* WeakTileLayerContainer.swift */; };
		8E28187125D0FA67007C3E3D /* MoireViewController.swift in Sources */ = {isa = PBXBuildFile; fileRef = 8E28187025D0FA67007C3E3D /* MoireViewController.swift */; };
		8E2BB6D62593277E0018D913 /* Pattern.swift in Sources */ = {isa = PBXBuildFile; fileRef = 8E2BB6D52593277E0018D913 /* Pattern.swift */; };
		8E2BB6E3259329440018D913 /* MetalPatternView.swift in Sources */ = {isa = PBXBuildFile; fileRef = 8E2BB6E2259329440018D913 /* MetalPatternView.swift */; };
		8E2E45F125D1BA0B00B0EA23 /* LocalMoireModelTests.swift in Sources */ = {isa = PBXBuildFile; fileRef = 8E6BF3F025AEC880005FE7CA /* LocalMoireModelTests.swift */; };
		8E2E460F25D1E4BF00B0EA23 /* CoreAnimPatternViewController.swift in Sources */ = {isa = PBXBuildFile; fileRef = 8E2E460E25D1E4BF00B0EA23 /* CoreAnimPatternViewController.swift */; };
		8E2E463725D1F08000B0EA23 /* ControlsViewController.swift in Sources */ = {isa = PBXBuildFile; fileRef = 8E2E463625D1F08000B0EA23 /* ControlsViewController.swift */; };
		8E2ED93225F7334800C7E817 /* MockMoireViewController.swift in Sources */ = {isa = PBXBuildFile; fileRef = 8E2ED93125F7334800C7E817 /* MockMoireViewController.swift */; };
		8E2ED93A25F74ECD00C7E817 /* MockControlsViewController.swift in Sources */ = {isa = PBXBuildFile; fileRef = 8E2ED93925F74ECD00C7E817 /* MockControlsViewController.swift */; };
		8E2ED94525F7ED3400C7E817 /* MockMoireModel.swift in Sources */ = {isa = PBXBuildFile; fileRef = 8E2ED94425F7ED3400C7E817 /* MockMoireModel.swift */; };
		8E2ED94D25F7F3D500C7E817 /* MoireModel.swift in Sources */ = {isa = PBXBuildFile; fileRef = 8E2ED94C25F7F3D500C7E817 /* MoireModel.swift */; };
		8E31448A259F030000BB0399 /* MaskView.swift in Sources */ = {isa = PBXBuildFile; fileRef = 8E314489259F030000BB0399 /* MaskView.swift */; };
		8E31449225A0393A00BB0399 /* Constants.swift in Sources */ = {isa = PBXBuildFile; fileRef = 8E31449125A0393A00BB0399 /* Constants.swift */; };
		8E3144A425A04C1C00BB0399 /* SliderCtrlViewSch2.xib in Resources */ = {isa = PBXBuildFile; fileRef = 8E3144A225A04C1C00BB0399 /* SliderCtrlViewSch2.xib */; };
		8E3144A525A04C1C00BB0399 /* SliderCtrlViewSch2.swift in Sources */ = {isa = PBXBuildFile; fileRef = 8E3144A325A04C1C00BB0399 /* SliderCtrlViewSch2.swift */; };
		8E326B7B2581B73500A80D36 /* SliderCtrlViewSch1.xib in Resources */ = {isa = PBXBuildFile; fileRef = 8E326B7A2581B73500A80D36 /* SliderCtrlViewSch1.xib */; };
		8E35A672260D649A007E3181 /* BoundsManager.swift in Sources */ = {isa = PBXBuildFile; fileRef = 8E35A671260D649A007E3181 /* BoundsManager.swift */; };
		8E35A67F260D64E0007E3181 /* BoundsManagerTests.swift in Sources */ = {isa = PBXBuildFile; fileRef = 8E35A67E260D64E0007E3181 /* BoundsManagerTests.swift */; };
		8E36F73F25930969004BC2F3 /* SliderCtrlViewSch1.swift in Sources */ = {isa = PBXBuildFile; fileRef = 8E36F73E25930969004BC2F3 /* SliderCtrlViewSch1.swift */; };
		8E36F75725931993004BC2F3 /* TileLayer.swift in Sources */ = {isa = PBXBuildFile; fileRef = 8E36F75625931993004BC2F3 /* TileLayer.swift */; };
		8E400DEC25AC1E9100AB2865 /* TouchableUISegmentedControl.swift in Sources */ = {isa = PBXBuildFile; fileRef = 8E400DEB25AC1E9100AB2865 /* TouchableUISegmentedControl.swift */; };
		8E400DFA25ACFA3A00AB2865 /* SaveFilesViewController.swift in Sources */ = {isa = PBXBuildFile; fileRef = 8E400DF925ACFA3A00AB2865 /* SaveFilesViewController.swift */; };
		8E400DFF25AD5B3E00AB2865 /* SaveFileCollectionViewCell.swift in Sources */ = {isa = PBXBuildFile; fileRef = 8E400DFE25AD5B3E00AB2865 /* SaveFileCollectionViewCell.swift */; };
		8E4FF59A2623629E006983A1 /* HighDegCtrlViewController.swift in Sources */ = {isa = PBXBuildFile; fileRef = 8E4FF5992623629E006983A1 /* HighDegCtrlViewController.swift */; };
		8E5816DE25E7074400FFE709 /* SliderCtrlViewSch3.xib in Resources */ = {isa = PBXBuildFile; fileRef = 8E5816DD25E7074400FFE709 /* SliderCtrlViewSch3.xib */; };
		8E5816E325E7438200FFE709 /* BasicCtrlViewController.swift in Sources */ = {isa = PBXBuildFile; fileRef = 8E5816E225E7438200FFE709 /* BasicCtrlViewController.swift */; };
		8E5816E825E743A100FFE709 /* SliderCtrlViewSch3.swift in Sources */ = {isa = PBXBuildFile; fileRef = 8E5816E725E743A100FFE709 /* SliderCtrlViewSch3.swift */; };
		8E5BABE025AE82F4003FC799 /* LocalMoireModel.swift in Sources */ = {isa = PBXBuildFile; fileRef = 8E5BABDF25AE82F4003FC799 /* LocalMoireModel.swift */; };
		8E60786825A2F049002EB000 /* UtilitiesTests.swift in Sources */ = {isa = PBXBuildFile; fileRef = 8E60786725A2F049002EB000 /* UtilitiesTests.swift */; };
		8E60787625A3D3C6002EB000 /* Configurations.swift in Sources */ = {isa = PBXBuildFile; fileRef = 8E60787525A3D3C6002EB000 /* Configurations.swift */; };
		8E60787E25A3DB56002EB000 /* SettingsViewController.swift in Sources */ = {isa = PBXBuildFile; fileRef = 8E60787D25A3DB56002EB000 /* SettingsViewController.swift */; };
		8E64FF4A26005D47009A85DE /* MockPatternManager.swift in Sources */ = {isa = PBXBuildFile; fileRef = 8E64FF4926005D47009A85DE /* MockPatternManager.swift */; };
		8E64FF4F2602B3C7009A85DE /* SaveFilesViewControllerTests.swift in Sources */ = {isa = PBXBuildFile; fileRef = 8E64FF4E2602B3C7009A85DE /* SaveFilesViewControllerTests.swift */; };
		8E6EB6FE25A52EBF007EA799 /* Moire.swift in Sources */ = {isa = PBXBuildFile; fileRef = 8E6EB6FD25A52EBF007EA799 /* Moire.swift */; };
		8E6EF2E525C3CB080009905C /* MetalStripe.swift in Sources */ = {isa = PBXBuildFile; fileRef = 8E6EF2E425C3CB080009905C /* MetalStripe.swift */; };
		8E6EF2EA25C85B0D0009905C /* Utilities.swift in Sources */ = {isa = PBXBuildFile; fileRef = 8E6EF2E925C85B0C0009905C /* Utilities.swift */; };
		8E72F41325F2B9F8004E98DF /* CtrlViewControllerSch1.swift in Sources */ = {isa = PBXBuildFile; fileRef = 8E72F41225F2B9F7004E98DF /* CtrlViewControllerSch1.swift */; };
		8E72F41825F2BA04004E98DF /* CtrlViewControllerSch2.swift in Sources */ = {isa = PBXBuildFile; fileRef = 8E72F41725F2BA04004E98DF /* CtrlViewControllerSch2.swift */; };
		8E72F41D25F2BA0D004E98DF /* CtrlViewControllerSch3.swift in Sources */ = {isa = PBXBuildFile; fileRef = 8E72F41C25F2BA0D004E98DF /* CtrlViewControllerSch3.swift */; };
		8E7FD9BE25D0D08A0064A0A6 /* PatternViewController.swift in Sources */ = {isa = PBXBuildFile; fileRef = 8E7FD9BD25D0D08A0064A0A6 /* PatternViewController.swift */; };
		8E7FD9C325D0D1430064A0A6 /* MetalPatternViewController.swift in Sources */ = {isa = PBXBuildFile; fileRef = 8E7FD9C225D0D1430064A0A6 /* MetalPatternViewController.swift */; };
		8E9690E22596FA3700C69DDC /* MainViewController.swift in Sources */ = {isa = PBXBuildFile; fileRef = 8E9690E12596FA3700C69DDC /* MainViewController.swift */; };
		8E96B7A6257F33CF007527E2 /* AppDelegate.m in Sources */ = {isa = PBXBuildFile; fileRef = 8E96B7A5257F33CF007527E2 /* AppDelegate.m */; };
		8E96B7A9257F33CF007527E2 /* SceneDelegate.m in Sources */ = {isa = PBXBuildFile; fileRef = 8E96B7A8257F33CF007527E2 /* SceneDelegate.m */; };
		8E96B7AF257F33CF007527E2 /* Main.storyboard in Resources */ = {isa = PBXBuildFile; fileRef = 8E96B7AD257F33CF007527E2 /* Main.storyboard */; };
		8E96B7B1257F33D3007527E2 /* Assets.xcassets in Resources */ = {isa = PBXBuildFile; fileRef = 8E96B7B0257F33D3007527E2 /* Assets.xcassets */; };
		8E96B7B4257F33D3007527E2 /* LaunchScreen.storyboard in Resources */ = {isa = PBXBuildFile; fileRef = 8E96B7B2257F33D3007527E2 /* LaunchScreen.storyboard */; };
		8E96B7B7257F33D3007527E2 /* main.m in Sources */ = {isa = PBXBuildFile; fileRef = 8E96B7B6257F33D3007527E2 /* main.m */; };
		8E9F367D261FB096002471F5 /* HighDegreeCtrlView.swift in Sources */ = {isa = PBXBuildFile; fileRef = 8E9F3679261FB096002471F5 /* HighDegreeCtrlView.swift */; };
		8E9F367E261FB096002471F5 /* HighDegCtrlViewControllerBasic.swift in Sources */ = {isa = PBXBuildFile; fileRef = 8E9F367A261FB096002471F5 /* HighDegCtrlViewControllerBasic.swift */; };
		8E9F367F261FB096002471F5 /* SliderHighDegreeCtrlView.swift in Sources */ = {isa = PBXBuildFile; fileRef = 8E9F367B261FB096002471F5 /* SliderHighDegreeCtrlView.swift */; };
		8E9F3680261FB096002471F5 /* SliderHighDegreeCtrlView.xib in Resources */ = {isa = PBXBuildFile; fileRef = 8E9F367C261FB096002471F5 /* SliderHighDegreeCtrlView.xib */; };
		8E9F3685262019A9002471F5 /* HighDegreeCtrlViewControllerTests.swift in Sources */ = {isa = PBXBuildFile; fileRef = 8E9F3684262019A9002471F5 /* HighDegreeCtrlViewControllerTests.swift */; };
		8EAA4DE925F3423A00B9DC81 /* CtrlViewControllerSch3Tests.swift in Sources */ = {isa = PBXBuildFile; fileRef = 8EAA4DE825F3423A00B9DC81 /* CtrlViewControllerSch3Tests.swift */; };
		8EAA4DF625F342FF00B9DC81 /* MainViewControllerTestsWithNormalModel.swift in Sources */ = {isa = PBXBuildFile; fileRef = 8EAA4DF525F342FF00B9DC81 /* MainViewControllerTestsWithNormalModel.swift */; };
		8EBF7C86262529A3009E4F4B /* ControlsViewControllerTests.swift in Sources */ = {isa = PBXBuildFile; fileRef = 8EBF7C85262529A3009E4F4B /* ControlsViewControllerTests.swift */; };
		8EE29F5525A054C700FF2539 /* PatternManager.swift in Sources */ = {isa = PBXBuildFile; fileRef = 8EE29F5425A054C700FF2539 /* PatternManager.swift */; };
		8EE29F8825A05BC100FF2539 /* CtrlViewController.swift in Sources */ = {isa = PBXBuildFile; fileRef = 8EE29F8725A05BC000FF2539 /* CtrlViewController.swift */; };
/* End PBXBuildFile section */

/* Begin PBXContainerItemProxy section */
		8E96B7BD257F33D4007527E2 /* PBXContainerItemProxy */ = {
			isa = PBXContainerItemProxy;
			containerPortal = 8E96B799257F33CF007527E2 /* Project object */;
			proxyType = 1;
			remoteGlobalIDString = 8E96B7A0257F33CF007527E2;
			remoteInfo = MoireStudies;
		};
		8E96B7C8257F33D4007527E2 /* PBXContainerItemProxy */ = {
			isa = PBXContainerItemProxy;
			containerPortal = 8E96B799257F33CF007527E2 /* Project object */;
			proxyType = 1;
			remoteGlobalIDString = 8E96B7A0257F33CF007527E2;
			remoteInfo = MoireStudies;
		};
/* End PBXContainerItemProxy section */

/* Begin PBXFileReference section */
		8E1B9E7325B68AFF0021D398 /* CtrlAndPatternMatcher.swift */ = {isa = PBXFileReference; lastKnownFileType = sourcecode.swift; path = CtrlAndPatternMatcher.swift; sourceTree = "<group>"; };
		8E1B9E8125BCE2550021D398 /* MoireStudiesUITests-Bridging-Header.h */ = {isa = PBXFileReference; lastKnownFileType = sourcecode.c.h; path = "MoireStudiesUITests-Bridging-Header.h"; sourceTree = "<group>"; };
		8E1B9E8225BCE2560021D398 /* UiTests.swift */ = {isa = PBXFileReference; lastKnownFileType = sourcecode.swift; path = UiTests.swift; sourceTree = "<group>"; };
		8E1B9E9025BE7AB60021D398 /* MetalPatternViewShader.metal */ = {isa = PBXFileReference; lastKnownFileType = sourcecode.metal; path = MetalPatternViewShader.metal; sourceTree = "<group>"; };
		8E1B9EB525C265440021D398 /* MetalPatternRenderer.swift */ = {isa = PBXFileReference; lastKnownFileType = sourcecode.swift; path = MetalPatternRenderer.swift; sourceTree = "<group>"; };
		8E1B9EBF25C34C440021D398 /* ShaderConstants.h */ = {isa = PBXFileReference; lastKnownFileType = sourcecode.c.h; path = ShaderConstants.h; sourceTree = "<group>"; };
		8E1EDFD925D2650E002572C3 /* WeakTileLayerContainer.swift */ = {isa = PBXFileReference; lastKnownFileType = sourcecode.swift; path = WeakTileLayerContainer.swift; sourceTree = "<group>"; };
		8E28187025D0FA67007C3E3D /* MoireViewController.swift */ = {isa = PBXFileReference; fileEncoding = 4; lastKnownFileType = sourcecode.swift; name = MoireViewController.swift; path = "MoireStudies/Moire Rendering/MoireViewController.swift"; sourceTree = SOURCE_ROOT; };
		8E2BB6D52593277E0018D913 /* Pattern.swift */ = {isa = PBXFileReference; lastKnownFileType = sourcecode.swift; path = Pattern.swift; sourceTree = "<group>"; };
		8E2BB6E2259329440018D913 /* MetalPatternView.swift */ = {isa = PBXFileReference; lastKnownFileType = sourcecode.swift; path = MetalPatternView.swift; sourceTree = "<group>"; };
		8E2E460E25D1E4BF00B0EA23 /* CoreAnimPatternViewController.swift */ = {isa = PBXFileReference; lastKnownFileType = sourcecode.swift; path = CoreAnimPatternViewController.swift; sourceTree = "<group>"; };
		8E2E463625D1F08000B0EA23 /* ControlsViewController.swift */ = {isa = PBXFileReference; lastKnownFileType = sourcecode.swift; path = ControlsViewController.swift; sourceTree = "<group>"; };
		8E2ED93125F7334800C7E817 /* MockMoireViewController.swift */ = {isa = PBXFileReference; lastKnownFileType = sourcecode.swift; path = MockMoireViewController.swift; sourceTree = "<group>"; };
		8E2ED93925F74ECD00C7E817 /* MockControlsViewController.swift */ = {isa = PBXFileReference; lastKnownFileType = sourcecode.swift; path = MockControlsViewController.swift; sourceTree = "<group>"; };
		8E2ED94425F7ED3400C7E817 /* MockMoireModel.swift */ = {isa = PBXFileReference; lastKnownFileType = sourcecode.swift; path = MockMoireModel.swift; sourceTree = "<group>"; };
		8E2ED94C25F7F3D500C7E817 /* MoireModel.swift */ = {isa = PBXFileReference; lastKnownFileType = sourcecode.swift; path = MoireModel.swift; sourceTree = "<group>"; };
		8E314489259F030000BB0399 /* MaskView.swift */ = {isa = PBXFileReference; lastKnownFileType = sourcecode.swift; path = MaskView.swift; sourceTree = "<group>"; };
		8E31449125A0393A00BB0399 /* Constants.swift */ = {isa = PBXFileReference; lastKnownFileType = sourcecode.swift; path = Constants.swift; sourceTree = "<group>"; };
		8E3144A225A04C1C00BB0399 /* SliderCtrlViewSch2.xib */ = {isa = PBXFileReference; fileEncoding = 4; lastKnownFileType = file.xib; path = SliderCtrlViewSch2.xib; sourceTree = "<group>"; };
		8E3144A325A04C1C00BB0399 /* SliderCtrlViewSch2.swift */ = {isa = PBXFileReference; fileEncoding = 4; lastKnownFileType = sourcecode.swift; path = SliderCtrlViewSch2.swift; sourceTree = "<group>"; };
		8E326B7A2581B73500A80D36 /* SliderCtrlViewSch1.xib */ = {isa = PBXFileReference; lastKnownFileType = file.xib; path = SliderCtrlViewSch1.xib; sourceTree = "<group>"; };
		8E35A671260D649A007E3181 /* BoundsManager.swift */ = {isa = PBXFileReference; lastKnownFileType = sourcecode.swift; path = BoundsManager.swift; sourceTree = "<group>"; };
		8E35A67E260D64E0007E3181 /* BoundsManagerTests.swift */ = {isa = PBXFileReference; lastKnownFileType = sourcecode.swift; path = BoundsManagerTests.swift; sourceTree = "<group>"; };
		8E36F73E25930969004BC2F3 /* SliderCtrlViewSch1.swift */ = {isa = PBXFileReference; lastKnownFileType = sourcecode.swift; path = SliderCtrlViewSch1.swift; sourceTree = "<group>"; };
		8E36F75625931993004BC2F3 /* TileLayer.swift */ = {isa = PBXFileReference; lastKnownFileType = sourcecode.swift; path = TileLayer.swift; sourceTree = "<group>"; };
		8E3B3E0825E9A567000A6EAB /* MoireStudies.entitlements */ = {isa = PBXFileReference; lastKnownFileType = text.plist.entitlements; path = MoireStudies.entitlements; sourceTree = "<group>"; };
		8E400DEB25AC1E9100AB2865 /* TouchableUISegmentedControl.swift */ = {isa = PBXFileReference; lastKnownFileType = sourcecode.swift; path = TouchableUISegmentedControl.swift; sourceTree = "<group>"; };
		8E400DF925ACFA3A00AB2865 /* SaveFilesViewController.swift */ = {isa = PBXFileReference; lastKnownFileType = sourcecode.swift; path = SaveFilesViewController.swift; sourceTree = "<group>"; };
		8E400DFE25AD5B3E00AB2865 /* SaveFileCollectionViewCell.swift */ = {isa = PBXFileReference; lastKnownFileType = sourcecode.swift; path = SaveFileCollectionViewCell.swift; sourceTree = "<group>"; };
		8E4FF5992623629E006983A1 /* HighDegCtrlViewController.swift */ = {isa = PBXFileReference; lastKnownFileType = sourcecode.swift; path = HighDegCtrlViewController.swift; sourceTree = "<group>"; };
		8E5816DD25E7074400FFE709 /* SliderCtrlViewSch3.xib */ = {isa = PBXFileReference; fileEncoding = 4; lastKnownFileType = file.xib; path = SliderCtrlViewSch3.xib; sourceTree = "<group>"; };
		8E5816E225E7438200FFE709 /* BasicCtrlViewController.swift */ = {isa = PBXFileReference; lastKnownFileType = sourcecode.swift; path = BasicCtrlViewController.swift; sourceTree = "<group>"; };
		8E5816E725E743A100FFE709 /* SliderCtrlViewSch3.swift */ = {isa = PBXFileReference; lastKnownFileType = sourcecode.swift; path = SliderCtrlViewSch3.swift; sourceTree = "<group>"; };
		8E5BABDF25AE82F4003FC799 /* LocalMoireModel.swift */ = {isa = PBXFileReference; lastKnownFileType = sourcecode.swift; path = LocalMoireModel.swift; sourceTree = "<group>"; };
		8E60786625A2F049002EB000 /* MoireStudiesTests-Bridging-Header.h */ = {isa = PBXFileReference; lastKnownFileType = sourcecode.c.h; path = "MoireStudiesTests-Bridging-Header.h"; sourceTree = "<group>"; };
		8E60786725A2F049002EB000 /* UtilitiesTests.swift */ = {isa = PBXFileReference; lastKnownFileType = sourcecode.swift; path = UtilitiesTests.swift; sourceTree = "<group>"; };
		8E60787525A3D3C6002EB000 /* Configurations.swift */ = {isa = PBXFileReference; lastKnownFileType = sourcecode.swift; path = Configurations.swift; sourceTree = "<group>"; };
		8E60787D25A3DB56002EB000 /* SettingsViewController.swift */ = {isa = PBXFileReference; lastKnownFileType = sourcecode.swift; path = SettingsViewController.swift; sourceTree = "<group>"; };
		8E64FF4926005D47009A85DE /* MockPatternManager.swift */ = {isa = PBXFileReference; lastKnownFileType = sourcecode.swift; path = MockPatternManager.swift; sourceTree = "<group>"; };
		8E64FF4E2602B3C7009A85DE /* SaveFilesViewControllerTests.swift */ = {isa = PBXFileReference; lastKnownFileType = sourcecode.swift; path = SaveFilesViewControllerTests.swift; sourceTree = "<group>"; };
		8E6BF3F025AEC880005FE7CA /* LocalMoireModelTests.swift */ = {isa = PBXFileReference; lastKnownFileType = sourcecode.swift; path = LocalMoireModelTests.swift; sourceTree = "<group>"; };
		8E6EB6FD25A52EBF007EA799 /* Moire.swift */ = {isa = PBXFileReference; lastKnownFileType = sourcecode.swift; path = Moire.swift; sourceTree = "<group>"; };
		8E6EF2E425C3CB080009905C /* MetalStripe.swift */ = {isa = PBXFileReference; lastKnownFileType = sourcecode.swift; path = MetalStripe.swift; sourceTree = "<group>"; };
		8E6EF2E925C85B0C0009905C /* Utilities.swift */ = {isa = PBXFileReference; lastKnownFileType = sourcecode.swift; path = Utilities.swift; sourceTree = "<group>"; };
		8E72F41225F2B9F7004E98DF /* CtrlViewControllerSch1.swift */ = {isa = PBXFileReference; fileEncoding = 4; lastKnownFileType = sourcecode.swift; path = CtrlViewControllerSch1.swift; sourceTree = "<group>"; };
		8E72F41725F2BA04004E98DF /* CtrlViewControllerSch2.swift */ = {isa = PBXFileReference; fileEncoding = 4; lastKnownFileType = sourcecode.swift; path = CtrlViewControllerSch2.swift; sourceTree = "<group>"; };
		8E72F41C25F2BA0D004E98DF /* CtrlViewControllerSch3.swift */ = {isa = PBXFileReference; fileEncoding = 4; lastKnownFileType = sourcecode.swift; path = CtrlViewControllerSch3.swift; sourceTree = "<group>"; };
		8E7FD9BD25D0D08A0064A0A6 /* PatternViewController.swift */ = {isa = PBXFileReference; lastKnownFileType = sourcecode.swift; path = PatternViewController.swift; sourceTree = "<group>"; };
		8E7FD9C225D0D1430064A0A6 /* MetalPatternViewController.swift */ = {isa = PBXFileReference; lastKnownFileType = sourcecode.swift; path = MetalPatternViewController.swift; sourceTree = "<group>"; };
		8E8D95A1258C3165000CD481 /* MoireStudies-Bridging-Header.h */ = {isa = PBXFileReference; lastKnownFileType = sourcecode.c.h; path = "MoireStudies-Bridging-Header.h"; sourceTree = "<group>"; };
		8E9690E12596FA3700C69DDC /* MainViewController.swift */ = {isa = PBXFileReference; lastKnownFileType = sourcecode.swift; path = MainViewController.swift; sourceTree = "<group>"; };
		8E96B7A1257F33CF007527E2 /* MoireStudies.app */ = {isa = PBXFileReference; explicitFileType = wrapper.application; includeInIndex = 0; path = MoireStudies.app; sourceTree = BUILT_PRODUCTS_DIR; };
		8E96B7A4257F33CF007527E2 /* AppDelegate.h */ = {isa = PBXFileReference; lastKnownFileType = sourcecode.c.h; path = AppDelegate.h; sourceTree = "<group>"; };
		8E96B7A5257F33CF007527E2 /* AppDelegate.m */ = {isa = PBXFileReference; lastKnownFileType = sourcecode.c.objc; path = AppDelegate.m; sourceTree = "<group>"; };
		8E96B7A7257F33CF007527E2 /* SceneDelegate.h */ = {isa = PBXFileReference; lastKnownFileType = sourcecode.c.h; path = SceneDelegate.h; sourceTree = "<group>"; };
		8E96B7A8257F33CF007527E2 /* SceneDelegate.m */ = {isa = PBXFileReference; lastKnownFileType = sourcecode.c.objc; path = SceneDelegate.m; sourceTree = "<group>"; };
		8E96B7AE257F33CF007527E2 /* Base */ = {isa = PBXFileReference; lastKnownFileType = file.storyboard; name = Base; path = Base.lproj/Main.storyboard; sourceTree = "<group>"; };
		8E96B7B0257F33D3007527E2 /* Assets.xcassets */ = {isa = PBXFileReference; lastKnownFileType = folder.assetcatalog; path = Assets.xcassets; sourceTree = "<group>"; };
		8E96B7B3257F33D3007527E2 /* Base */ = {isa = PBXFileReference; lastKnownFileType = file.storyboard; name = Base; path = Base.lproj/LaunchScreen.storyboard; sourceTree = "<group>"; };
		8E96B7B5257F33D3007527E2 /* Info.plist */ = {isa = PBXFileReference; lastKnownFileType = text.plist.xml; path = Info.plist; sourceTree = "<group>"; };
		8E96B7B6257F33D3007527E2 /* main.m */ = {isa = PBXFileReference; lastKnownFileType = sourcecode.c.objc; path = main.m; sourceTree = "<group>"; };
		8E96B7BC257F33D4007527E2 /* MoireStudiesTests.xctest */ = {isa = PBXFileReference; explicitFileType = wrapper.cfbundle; includeInIndex = 0; path = MoireStudiesTests.xctest; sourceTree = BUILT_PRODUCTS_DIR; };
		8E96B7C2257F33D4007527E2 /* Info.plist */ = {isa = PBXFileReference; lastKnownFileType = text.plist.xml; path = Info.plist; sourceTree = "<group>"; };
		8E96B7C7257F33D4007527E2 /* MoireStudiesUITests.xctest */ = {isa = PBXFileReference; explicitFileType = wrapper.cfbundle; includeInIndex = 0; path = MoireStudiesUITests.xctest; sourceTree = BUILT_PRODUCTS_DIR; };
		8E96B7CD257F33D4007527E2 /* Info.plist */ = {isa = PBXFileReference; lastKnownFileType = text.plist.xml; path = Info.plist; sourceTree = "<group>"; };
		8E9F3679261FB096002471F5 /* HighDegreeCtrlView.swift */ = {isa = PBXFileReference; fileEncoding = 4; lastKnownFileType = sourcecode.swift; path = HighDegreeCtrlView.swift; sourceTree = "<group>"; };
		8E9F367A261FB096002471F5 /* HighDegCtrlViewControllerBasic.swift */ = {isa = PBXFileReference; fileEncoding = 4; lastKnownFileType = sourcecode.swift; path = HighDegCtrlViewControllerBasic.swift; sourceTree = "<group>"; };
		8E9F367B261FB096002471F5 /* SliderHighDegreeCtrlView.swift */ = {isa = PBXFileReference; fileEncoding = 4; lastKnownFileType = sourcecode.swift; path = SliderHighDegreeCtrlView.swift; sourceTree = "<group>"; };
		8E9F367C261FB096002471F5 /* SliderHighDegreeCtrlView.xib */ = {isa = PBXFileReference; fileEncoding = 4; lastKnownFileType = file.xib; path = SliderHighDegreeCtrlView.xib; sourceTree = "<group>"; };
		8E9F3684262019A9002471F5 /* HighDegreeCtrlViewControllerTests.swift */ = {isa = PBXFileReference; lastKnownFileType = sourcecode.swift; path = HighDegreeCtrlViewControllerTests.swift; sourceTree = "<group>"; };
		8EAA4DE825F3423A00B9DC81 /* CtrlViewControllerSch3Tests.swift */ = {isa = PBXFileReference; lastKnownFileType = sourcecode.swift; path = CtrlViewControllerSch3Tests.swift; sourceTree = "<group>"; };
		8EAA4DF525F342FF00B9DC81 /* MainViewControllerTestsWithNormalModel.swift */ = {isa = PBXFileReference; lastKnownFileType = sourcecode.swift; path = MainViewControllerTestsWithNormalModel.swift; sourceTree = "<group>"; };
		8EBF7C85262529A3009E4F4B /* ControlsViewControllerTests.swift */ = {isa = PBXFileReference; lastKnownFileType = sourcecode.swift; path = ControlsViewControllerTests.swift; sourceTree = "<group>"; };
		8EE29F5425A054C700FF2539 /* PatternManager.swift */ = {isa = PBXFileReference; lastKnownFileType = sourcecode.swift; path = PatternManager.swift; sourceTree = "<group>"; };
		8EE29F8725A05BC000FF2539 /* CtrlViewController.swift */ = {isa = PBXFileReference; lastKnownFileType = sourcecode.swift; path = CtrlViewController.swift; sourceTree = "<group>"; };
/* End PBXFileReference section */

/* Begin PBXFrameworksBuildPhase section */
		8E96B79E257F33CF007527E2 /* Frameworks */ = {
			isa = PBXFrameworksBuildPhase;
			buildActionMask = 2147483647;
			files = (
			);
			runOnlyForDeploymentPostprocessing = 0;
		};
		8E96B7B9257F33D4007527E2 /* Frameworks */ = {
			isa = PBXFrameworksBuildPhase;
			buildActionMask = 2147483647;
			files = (
			);
			runOnlyForDeploymentPostprocessing = 0;
		};
		8E96B7C4257F33D4007527E2 /* Frameworks */ = {
			isa = PBXFrameworksBuildPhase;
			buildActionMask = 2147483647;
			files = (
			);
			runOnlyForDeploymentPostprocessing = 0;
		};
/* End PBXFrameworksBuildPhase section */

/* Begin PBXGroup section */
		8E1B9E9625C0B98E0021D398 /* CoreAnimPatternView */ = {
			isa = PBXGroup;
			children = (
				8E2E460E25D1E4BF00B0EA23 /* CoreAnimPatternViewController.swift */,
				8E1EDFD925D2650E002572C3 /* WeakTileLayerContainer.swift */,
				8E36F75625931993004BC2F3 /* TileLayer.swift */,
			);
			path = CoreAnimPatternView;
			sourceTree = "<group>";
		};
		8E1B9E9725C0B9C50021D398 /* MetalPatternView */ = {
			isa = PBXGroup;
			children = (
				8E7FD9C225D0D1430064A0A6 /* MetalPatternViewController.swift */,
				8E1B9EB525C265440021D398 /* MetalPatternRenderer.swift */,
				8E2BB6E2259329440018D913 /* MetalPatternView.swift */,
				8E6EF2E425C3CB080009905C /* MetalStripe.swift */,
				8E1B9E9025BE7AB60021D398 /* MetalPatternViewShader.metal */,
				8E1B9EBF25C34C440021D398 /* ShaderConstants.h */,
			);
			path = MetalPatternView;
			sourceTree = "<group>";
		};
		8E2E462225D1EA3C00B0EA23 /* Moire Rendering */ = {
			isa = PBXGroup;
			children = (
				8E28187025D0FA67007C3E3D /* MoireViewController.swift */,
				8E314489259F030000BB0399 /* MaskView.swift */,
				8E7FD9BD25D0D08A0064A0A6 /* PatternViewController.swift */,
				8E1B9E9625C0B98E0021D398 /* CoreAnimPatternView */,
				8E1B9E9725C0B9C50021D398 /* MetalPatternView */,
			);
			path = "Moire Rendering";
			sourceTree = "<group>";
		};
		8E2E462325D1EA9B00B0EA23 /* Moire Controlling */ = {
			isa = PBXGroup;
			children = (
				8E2E463625D1F08000B0EA23 /* ControlsViewController.swift */,
				8E400DEB25AC1E9100AB2865 /* TouchableUISegmentedControl.swift */,
				8EE29F8725A05BC000FF2539 /* CtrlViewController.swift */,
				8E4FF5992623629E006983A1 /* HighDegCtrlViewController.swift */,
				8E5816E225E7438200FFE709 /* BasicCtrlViewController.swift */,
				8E2E462625D1EBF000B0EA23 /* Control Scheme 1 */,
				8E2E462725D1EBFD00B0EA23 /* Control Scheme 2 */,
				8E5816D925E7063D00FFE709 /* Control Scheme 3 */,
				8E72F3D825F01A46004E98DF /* High Degree Control */,
			);
			path = "Moire Controlling";
			sourceTree = "<group>";
		};
		8E2E462625D1EBF000B0EA23 /* Control Scheme 1 */ = {
			isa = PBXGroup;
			children = (
				8E72F41225F2B9F7004E98DF /* CtrlViewControllerSch1.swift */,
				8E36F73E25930969004BC2F3 /* SliderCtrlViewSch1.swift */,
				8E326B7A2581B73500A80D36 /* SliderCtrlViewSch1.xib */,
			);
			path = "Control Scheme 1";
			sourceTree = "<group>";
		};
		8E2E462725D1EBFD00B0EA23 /* Control Scheme 2 */ = {
			isa = PBXGroup;
			children = (
				8E72F41725F2BA04004E98DF /* CtrlViewControllerSch2.swift */,
				8E3144A325A04C1C00BB0399 /* SliderCtrlViewSch2.swift */,
				8E3144A225A04C1C00BB0399 /* SliderCtrlViewSch2.xib */,
			);
			path = "Control Scheme 2";
			sourceTree = "<group>";
		};
		8E2E462E25D1ECD900B0EA23 /* Auxiliary Controllers */ = {
			isa = PBXGroup;
			children = (
				8E60787D25A3DB56002EB000 /* SettingsViewController.swift */,
				8E400DF925ACFA3A00AB2865 /* SaveFilesViewController.swift */,
				8E400DFE25AD5B3E00AB2865 /* SaveFileCollectionViewCell.swift */,
			);
			path = "Auxiliary Controllers";
			sourceTree = "<group>";
		};
		8E2E463225D1EFBA00B0EA23 /* Main Controller */ = {
			isa = PBXGroup;
			children = (
				8E60787525A3D3C6002EB000 /* Configurations.swift */,
				8E9690E12596FA3700C69DDC /* MainViewController.swift */,
				8EE29F5425A054C700FF2539 /* PatternManager.swift */,
				8E1B9E7325B68AFF0021D398 /* CtrlAndPatternMatcher.swift */,
			);
			path = "Main Controller";
			sourceTree = "<group>";
		};
		8E2ED92F25F72F8F00C7E817 /* Tests */ = {
			isa = PBXGroup;
			children = (
				8E6BF3F025AEC880005FE7CA /* LocalMoireModelTests.swift */,
				8E64FF4E2602B3C7009A85DE /* SaveFilesViewControllerTests.swift */,
				8EAA4DF525F342FF00B9DC81 /* MainViewControllerTestsWithNormalModel.swift */,
				8EBF7C85262529A3009E4F4B /* ControlsViewControllerTests.swift */,
				8EAA4DE825F3423A00B9DC81 /* CtrlViewControllerSch3Tests.swift */,
				8E9F3684262019A9002471F5 /* HighDegreeCtrlViewControllerTests.swift */,
				8E60786725A2F049002EB000 /* UtilitiesTests.swift */,
				8E35A67E260D64E0007E3181 /* BoundsManagerTests.swift */,
			);
			path = Tests;
			sourceTree = "<group>";
		};
		8E2ED93025F72FA400C7E817 /* Mock Classes */ = {
			isa = PBXGroup;
			children = (
				8E2ED94425F7ED3400C7E817 /* MockMoireModel.swift */,
				8E2ED93925F74ECD00C7E817 /* MockControlsViewController.swift */,
				8E2ED93125F7334800C7E817 /* MockMoireViewController.swift */,
				8E64FF4926005D47009A85DE /* MockPatternManager.swift */,
			);
			path = "Mock Classes";
			sourceTree = "<group>";
		};
		8E5816D925E7063D00FFE709 /* Control Scheme 3 */ = {
			isa = PBXGroup;
			children = (
				8E72F41C25F2BA0D004E98DF /* CtrlViewControllerSch3.swift */,
				8E5816E725E743A100FFE709 /* SliderCtrlViewSch3.swift */,
				8E5816DD25E7074400FFE709 /* SliderCtrlViewSch3.xib */,
			);
			path = "Control Scheme 3";
			sourceTree = "<group>";
		};
		8E72F3D825F01A46004E98DF /* High Degree Control */ = {
			isa = PBXGroup;
			children = (
				8E9F367A261FB096002471F5 /* HighDegCtrlViewControllerBasic.swift */,
				8E9F3679261FB096002471F5 /* HighDegreeCtrlView.swift */,
				8E9F367B261FB096002471F5 /* SliderHighDegreeCtrlView.swift */,
				8E9F367C261FB096002471F5 /* SliderHighDegreeCtrlView.xib */,
			);
			path = "High Degree Control";
			sourceTree = "<group>";
		};
		8E96B798257F33CF007527E2 = {
			isa = PBXGroup;
			children = (
				8E96B7A3257F33CF007527E2 /* MoireStudies */,
				8E96B7BF257F33D4007527E2 /* MoireStudiesTests */,
				8E96B7CA257F33D4007527E2 /* MoireStudiesUITests */,
				8E96B7A2257F33CF007527E2 /* Products */,
			);
			sourceTree = "<group>";
		};
		8E96B7A2257F33CF007527E2 /* Products */ = {
			isa = PBXGroup;
			children = (
				8E96B7A1257F33CF007527E2 /* MoireStudies.app */,
				8E96B7BC257F33D4007527E2 /* MoireStudiesTests.xctest */,
				8E96B7C7257F33D4007527E2 /* MoireStudiesUITests.xctest */,
			);
			name = Products;
			sourceTree = "<group>";
		};
		8E96B7A3257F33CF007527E2 /* MoireStudies */ = {
			isa = PBXGroup;
			children = (
				8E3B3E0825E9A567000A6EAB /* MoireStudies.entitlements */,
				8E96B7A4257F33CF007527E2 /* AppDelegate.h */,
				8E96B7A5257F33CF007527E2 /* AppDelegate.m */,
				8E96B7A7257F33CF007527E2 /* SceneDelegate.h */,
				8E96B7A8257F33CF007527E2 /* SceneDelegate.m */,
				8E96B7B2257F33D3007527E2 /* LaunchScreen.storyboard */,
				8E96B7AD257F33CF007527E2 /* Main.storyboard */,
				8E31449125A0393A00BB0399 /* Constants.swift */,
				8E6EF2E925C85B0C0009905C /* Utilities.swift */,
				8E35A671260D649A007E3181 /* BoundsManager.swift */,
				8E2E462E25D1ECD900B0EA23 /* Auxiliary Controllers */,
				8EE29F7925A0591500FF2539 /* Model */,
				8E2E463225D1EFBA00B0EA23 /* Main Controller */,
				8E2E462325D1EA9B00B0EA23 /* Moire Controlling */,
				8E2E462225D1EA3C00B0EA23 /* Moire Rendering */,
				8E96B7B0257F33D3007527E2 /* Assets.xcassets */,
				8E96B7B5257F33D3007527E2 /* Info.plist */,
				8E96B7B6257F33D3007527E2 /* main.m */,
				8E8D95A1258C3165000CD481 /* MoireStudies-Bridging-Header.h */,
			);
			path = MoireStudies;
			sourceTree = "<group>";
		};
		8E96B7BF257F33D4007527E2 /* MoireStudiesTests */ = {
			isa = PBXGroup;
			children = (
				8E2ED93025F72FA400C7E817 /* Mock Classes */,
				8E2ED92F25F72F8F00C7E817 /* Tests */,
				8E96B7C2257F33D4007527E2 /* Info.plist */,
				8E60786625A2F049002EB000 /* MoireStudiesTests-Bridging-Header.h */,
			);
			path = MoireStudiesTests;
			sourceTree = "<group>";
		};
		8E96B7CA257F33D4007527E2 /* MoireStudiesUITests */ = {
			isa = PBXGroup;
			children = (
				8E96B7CD257F33D4007527E2 /* Info.plist */,
				8E1B9E8225BCE2560021D398 /* UiTests.swift */,
				8E1B9E8125BCE2550021D398 /* MoireStudiesUITests-Bridging-Header.h */,
			);
			path = MoireStudiesUITests;
			sourceTree = "<group>";
		};
		8EE29F7925A0591500FF2539 /* Model */ = {
			isa = PBXGroup;
			children = (
				8E2BB6D52593277E0018D913 /* Pattern.swift */,
				8E6EB6FD25A52EBF007EA799 /* Moire.swift */,
				8E5BABDF25AE82F4003FC799 /* LocalMoireModel.swift */,
				8E2ED94C25F7F3D500C7E817 /* MoireModel.swift */,
			);
			path = Model;
			sourceTree = "<group>";
		};
/* End PBXGroup section */

/* Begin PBXNativeTarget section */
		8E96B7A0257F33CF007527E2 /* MoireStudies */ = {
			isa = PBXNativeTarget;
			buildConfigurationList = 8E96B7D0257F33D4007527E2 /* Build configuration list for PBXNativeTarget "MoireStudies" */;
			buildPhases = (
				8E96B79D257F33CF007527E2 /* Sources */,
				8E96B79E257F33CF007527E2 /* Frameworks */,
				8E96B79F257F33CF007527E2 /* Resources */,
			);
			buildRules = (
			);
			dependencies = (
			);
			name = MoireStudies;
			productName = MoireStudies;
			productReference = 8E96B7A1257F33CF007527E2 /* MoireStudies.app */;
			productType = "com.apple.product-type.application";
		};
		8E96B7BB257F33D4007527E2 /* MoireStudiesTests */ = {
			isa = PBXNativeTarget;
			buildConfigurationList = 8E96B7D3257F33D4007527E2 /* Build configuration list for PBXNativeTarget "MoireStudiesTests" */;
			buildPhases = (
				8E96B7B8257F33D4007527E2 /* Sources */,
				8E96B7B9257F33D4007527E2 /* Frameworks */,
				8E96B7BA257F33D4007527E2 /* Resources */,
			);
			buildRules = (
			);
			dependencies = (
				8E96B7BE257F33D4007527E2 /* PBXTargetDependency */,
			);
			name = MoireStudiesTests;
			productName = MoireStudiesTests;
			productReference = 8E96B7BC257F33D4007527E2 /* MoireStudiesTests.xctest */;
			productType = "com.apple.product-type.bundle.unit-test";
		};
		8E96B7C6257F33D4007527E2 /* MoireStudiesUITests */ = {
			isa = PBXNativeTarget;
			buildConfigurationList = 8E96B7D6257F33D4007527E2 /* Build configuration list for PBXNativeTarget "MoireStudiesUITests" */;
			buildPhases = (
				8E96B7C3257F33D4007527E2 /* Sources */,
				8E96B7C4257F33D4007527E2 /* Frameworks */,
				8E96B7C5257F33D4007527E2 /* Resources */,
			);
			buildRules = (
			);
			dependencies = (
				8E96B7C9257F33D4007527E2 /* PBXTargetDependency */,
			);
			name = MoireStudiesUITests;
			productName = MoireStudiesUITests;
			productReference = 8E96B7C7257F33D4007527E2 /* MoireStudiesUITests.xctest */;
			productType = "com.apple.product-type.bundle.ui-testing";
		};
/* End PBXNativeTarget section */

/* Begin PBXProject section */
		8E96B799257F33CF007527E2 /* Project object */ = {
			isa = PBXProject;
			attributes = {
				LastUpgradeCheck = 1220;
				TargetAttributes = {
					8E96B7A0257F33CF007527E2 = {
						CreatedOnToolsVersion = 12.2;
						LastSwiftMigration = 1220;
					};
					8E96B7BB257F33D4007527E2 = {
						CreatedOnToolsVersion = 12.2;
						LastSwiftMigration = 1220;
						TestTargetID = 8E96B7A0257F33CF007527E2;
					};
					8E96B7C6257F33D4007527E2 = {
						CreatedOnToolsVersion = 12.2;
						LastSwiftMigration = 1220;
						TestTargetID = 8E96B7A0257F33CF007527E2;
					};
				};
			};
			buildConfigurationList = 8E96B79C257F33CF007527E2 /* Build configuration list for PBXProject "MoireStudies" */;
			compatibilityVersion = "Xcode 9.3";
			developmentRegion = en;
			hasScannedForEncodings = 0;
			knownRegions = (
				en,
				Base,
			);
			mainGroup = 8E96B798257F33CF007527E2;
			productRefGroup = 8E96B7A2257F33CF007527E2 /* Products */;
			projectDirPath = "";
			projectRoot = "";
			targets = (
				8E96B7A0257F33CF007527E2 /* MoireStudies */,
				8E96B7BB257F33D4007527E2 /* MoireStudiesTests */,
				8E96B7C6257F33D4007527E2 /* MoireStudiesUITests */,
			);
		};
/* End PBXProject section */

/* Begin PBXResourcesBuildPhase section */
		8E96B79F257F33CF007527E2 /* Resources */ = {
			isa = PBXResourcesBuildPhase;
			buildActionMask = 2147483647;
			files = (
				8E9F3680261FB096002471F5 /* SliderHighDegreeCtrlView.xib in Resources */,
				8E96B7B4257F33D3007527E2 /* LaunchScreen.storyboard in Resources */,
				8E3144A425A04C1C00BB0399 /* SliderCtrlViewSch2.xib in Resources */,
				8E326B7B2581B73500A80D36 /* SliderCtrlViewSch1.xib in Resources */,
				8E96B7B1257F33D3007527E2 /* Assets.xcassets in Resources */,
				8E96B7AF257F33CF007527E2 /* Main.storyboard in Resources */,
				8E5816DE25E7074400FFE709 /* SliderCtrlViewSch3.xib in Resources */,
			);
			runOnlyForDeploymentPostprocessing = 0;
		};
		8E96B7BA257F33D4007527E2 /* Resources */ = {
			isa = PBXResourcesBuildPhase;
			buildActionMask = 2147483647;
			files = (
			);
			runOnlyForDeploymentPostprocessing = 0;
		};
		8E96B7C5257F33D4007527E2 /* Resources */ = {
			isa = PBXResourcesBuildPhase;
			buildActionMask = 2147483647;
			files = (
			);
			runOnlyForDeploymentPostprocessing = 0;
		};
/* End PBXResourcesBuildPhase section */

/* Begin PBXSourcesBuildPhase section */
		8E96B79D257F33CF007527E2 /* Sources */ = {
			isa = PBXSourcesBuildPhase;
			buildActionMask = 2147483647;
			files = (
				8E72F41325F2B9F8004E98DF /* CtrlViewControllerSch1.swift in Sources */,
				8EE29F5525A054C700FF2539 /* PatternManager.swift in Sources */,
				8E7FD9BE25D0D08A0064A0A6 /* PatternViewController.swift in Sources */,
				8E72F41825F2BA04004E98DF /* CtrlViewControllerSch2.swift in Sources */,
				8E31448A259F030000BB0399 /* MaskView.swift in Sources */,
				8E31449225A0393A00BB0399 /* Constants.swift in Sources */,
				8E1B9EB625C265440021D398 /* MetalPatternRenderer.swift in Sources */,
				8E2E460F25D1E4BF00B0EA23 /* CoreAnimPatternViewController.swift in Sources */,
				8E9690E22596FA3700C69DDC /* MainViewController.swift in Sources */,
				8E5BABE025AE82F4003FC799 /* LocalMoireModel.swift in Sources */,
				8E6EF2EA25C85B0D0009905C /* Utilities.swift in Sources */,
				8E400DEC25AC1E9100AB2865 /* TouchableUISegmentedControl.swift in Sources */,
				8E35A672260D649A007E3181 /* BoundsManager.swift in Sources */,
				8E2BB6E3259329440018D913 /* MetalPatternView.swift in Sources */,
				8E60787E25A3DB56002EB000 /* SettingsViewController.swift in Sources */,
				8E6EF2E525C3CB080009905C /* MetalStripe.swift in Sources */,
				8EE29F8825A05BC100FF2539 /* CtrlViewController.swift in Sources */,
				8E1EDFDA25D2650E002572C3 /* WeakTileLayerContainer.swift in Sources */,
				8E2E463725D1F08000B0EA23 /* ControlsViewController.swift in Sources */,
				8E1B9E9125BE7AB60021D398 /* MetalPatternViewShader.metal in Sources */,
				8E96B7A6257F33CF007527E2 /* AppDelegate.m in Sources */,
				8E2ED94D25F7F3D500C7E817 /* MoireModel.swift in Sources */,
				8E36F73F25930969004BC2F3 /* SliderCtrlViewSch1.swift in Sources */,
				8E9F367F261FB096002471F5 /* SliderHighDegreeCtrlView.swift in Sources */,
				8E36F75725931993004BC2F3 /* TileLayer.swift in Sources */,
				8E2BB6D62593277E0018D913 /* Pattern.swift in Sources */,
				8E9F367E261FB096002471F5 /* HighDegCtrlViewControllerBasic.swift in Sources */,
				8E60787625A3D3C6002EB000 /* Configurations.swift in Sources */,
				8E400DFA25ACFA3A00AB2865 /* SaveFilesViewController.swift in Sources */,
				8E96B7B7257F33D3007527E2 /* main.m in Sources */,
				8E4FF59A2623629E006983A1 /* HighDegCtrlViewController.swift in Sources */,
				8E3144A525A04C1C00BB0399 /* SliderCtrlViewSch2.swift in Sources */,
				8E7FD9C325D0D1430064A0A6 /* MetalPatternViewController.swift in Sources */,
				8E72F41D25F2BA0D004E98DF /* CtrlViewControllerSch3.swift in Sources */,
				8E5816E325E7438200FFE709 /* BasicCtrlViewController.swift in Sources */,
				8E400DFF25AD5B3E00AB2865 /* SaveFileCollectionViewCell.swift in Sources */,
				8E6EB6FE25A52EBF007EA799 /* Moire.swift in Sources */,
				8E1B9E7425B68AFF0021D398 /* CtrlAndPatternMatcher.swift in Sources */,
				8E96B7A9257F33CF007527E2 /* SceneDelegate.m in Sources */,
				8E28187125D0FA67007C3E3D /* MoireViewController.swift in Sources */,
				8E9F367D261FB096002471F5 /* HighDegreeCtrlView.swift in Sources */,
				8E5816E825E743A100FFE709 /* SliderCtrlViewSch3.swift in Sources */,
			);
			runOnlyForDeploymentPostprocessing = 0;
		};
		8E96B7B8257F33D4007527E2 /* Sources */ = {
			isa = PBXSourcesBuildPhase;
			buildActionMask = 2147483647;
			files = (
				8E9F3685262019A9002471F5 /* HighDegreeCtrlViewControllerTests.swift in Sources */,
				8E2ED93A25F74ECD00C7E817 /* MockControlsViewController.swift in Sources */,
				8E64FF4A26005D47009A85DE /* MockPatternManager.swift in Sources */,
				8E64FF4F2602B3C7009A85DE /* SaveFilesViewControllerTests.swift in Sources */,
				8E2ED93225F7334800C7E817 /* MockMoireViewController.swift in Sources */,
				8E2E45F125D1BA0B00B0EA23 /* LocalMoireModelTests.swift in Sources */,
				8EBF7C86262529A3009E4F4B /* ControlsViewControllerTests.swift in Sources */,
				8E60786825A2F049002EB000 /* UtilitiesTests.swift in Sources */,
				8EAA4DE925F3423A00B9DC81 /* CtrlViewControllerSch3Tests.swift in Sources */,
				8E35A67F260D64E0007E3181 /* BoundsManagerTests.swift in Sources */,
				8E2ED94525F7ED3400C7E817 /* MockMoireModel.swift in Sources */,
				8EAA4DF625F342FF00B9DC81 /* MainViewControllerTestsWithNormalModel.swift in Sources */,
			);
			runOnlyForDeploymentPostprocessing = 0;
		};
		8E96B7C3257F33D4007527E2 /* Sources */ = {
			isa = PBXSourcesBuildPhase;
			buildActionMask = 2147483647;
			files = (
				8E1B9E8325BCE2560021D398 /* UiTests.swift in Sources */,
			);
			runOnlyForDeploymentPostprocessing = 0;
		};
/* End PBXSourcesBuildPhase section */

/* Begin PBXTargetDependency section */
		8E96B7BE257F33D4007527E2 /* PBXTargetDependency */ = {
			isa = PBXTargetDependency;
			target = 8E96B7A0257F33CF007527E2 /* MoireStudies */;
			targetProxy = 8E96B7BD257F33D4007527E2 /* PBXContainerItemProxy */;
		};
		8E96B7C9257F33D4007527E2 /* PBXTargetDependency */ = {
			isa = PBXTargetDependency;
			target = 8E96B7A0257F33CF007527E2 /* MoireStudies */;
			targetProxy = 8E96B7C8257F33D4007527E2 /* PBXContainerItemProxy */;
		};
/* End PBXTargetDependency section */

/* Begin PBXVariantGroup section */
		8E96B7AD257F33CF007527E2 /* Main.storyboard */ = {
			isa = PBXVariantGroup;
			children = (
				8E96B7AE257F33CF007527E2 /* Base */,
			);
			name = Main.storyboard;
			sourceTree = "<group>";
		};
		8E96B7B2257F33D3007527E2 /* LaunchScreen.storyboard */ = {
			isa = PBXVariantGroup;
			children = (
				8E96B7B3257F33D3007527E2 /* Base */,
			);
			name = LaunchScreen.storyboard;
			sourceTree = "<group>";
		};
/* End PBXVariantGroup section */

/* Begin XCBuildConfiguration section */
		8E96B7CE257F33D4007527E2 /* Debug */ = {
			isa = XCBuildConfiguration;
			buildSettings = {
				ALWAYS_SEARCH_USER_PATHS = NO;
				CLANG_ANALYZER_NONNULL = YES;
				CLANG_ANALYZER_NUMBER_OBJECT_CONVERSION = YES_AGGRESSIVE;
				CLANG_CXX_LANGUAGE_STANDARD = "gnu++14";
				CLANG_CXX_LIBRARY = "libc++";
				CLANG_ENABLE_MODULES = YES;
				CLANG_ENABLE_OBJC_ARC = YES;
				CLANG_ENABLE_OBJC_WEAK = YES;
				CLANG_WARN_BLOCK_CAPTURE_AUTORELEASING = YES;
				CLANG_WARN_BOOL_CONVERSION = YES;
				CLANG_WARN_COMMA = YES;
				CLANG_WARN_CONSTANT_CONVERSION = YES;
				CLANG_WARN_DEPRECATED_OBJC_IMPLEMENTATIONS = YES;
				CLANG_WARN_DIRECT_OBJC_ISA_USAGE = YES_ERROR;
				CLANG_WARN_DOCUMENTATION_COMMENTS = YES;
				CLANG_WARN_EMPTY_BODY = YES;
				CLANG_WARN_ENUM_CONVERSION = YES;
				CLANG_WARN_INFINITE_RECURSION = YES;
				CLANG_WARN_INT_CONVERSION = YES;
				CLANG_WARN_NON_LITERAL_NULL_CONVERSION = YES;
				CLANG_WARN_OBJC_IMPLICIT_RETAIN_SELF = YES;
				CLANG_WARN_OBJC_LITERAL_CONVERSION = YES;
				CLANG_WARN_OBJC_ROOT_CLASS = YES_ERROR;
				CLANG_WARN_QUOTED_INCLUDE_IN_FRAMEWORK_HEADER = YES;
				CLANG_WARN_RANGE_LOOP_ANALYSIS = YES;
				CLANG_WARN_STRICT_PROTOTYPES = YES;
				CLANG_WARN_SUSPICIOUS_MOVE = YES;
				CLANG_WARN_UNGUARDED_AVAILABILITY = YES_AGGRESSIVE;
				CLANG_WARN_UNREACHABLE_CODE = YES;
				CLANG_WARN__DUPLICATE_METHOD_MATCH = YES;
				COPY_PHASE_STRIP = NO;
				DEBUG_INFORMATION_FORMAT = dwarf;
				ENABLE_STRICT_OBJC_MSGSEND = YES;
				ENABLE_TESTABILITY = YES;
				GCC_C_LANGUAGE_STANDARD = gnu11;
				GCC_DYNAMIC_NO_PIC = NO;
				GCC_NO_COMMON_BLOCKS = YES;
				GCC_OPTIMIZATION_LEVEL = 0;
				GCC_PREPROCESSOR_DEFINITIONS = (
					"DEBUG=1",
					"$(inherited)",
				);
				GCC_WARN_64_TO_32_BIT_CONVERSION = YES;
				GCC_WARN_ABOUT_RETURN_TYPE = YES_ERROR;
				GCC_WARN_UNDECLARED_SELECTOR = YES;
				GCC_WARN_UNINITIALIZED_AUTOS = YES_AGGRESSIVE;
				GCC_WARN_UNUSED_FUNCTION = YES;
				GCC_WARN_UNUSED_VARIABLE = YES;
				IPHONEOS_DEPLOYMENT_TARGET = 14.2;
				MTL_ENABLE_DEBUG_INFO = INCLUDE_SOURCE;
				MTL_FAST_MATH = YES;
				ONLY_ACTIVE_ARCH = YES;
				SDKROOT = iphoneos;
				TARGETED_DEVICE_FAMILY = "1,2";
			};
			name = Debug;
		};
		8E96B7CF257F33D4007527E2 /* Release */ = {
			isa = XCBuildConfiguration;
			buildSettings = {
				ALWAYS_SEARCH_USER_PATHS = NO;
				CLANG_ANALYZER_NONNULL = YES;
				CLANG_ANALYZER_NUMBER_OBJECT_CONVERSION = YES_AGGRESSIVE;
				CLANG_CXX_LANGUAGE_STANDARD = "gnu++14";
				CLANG_CXX_LIBRARY = "libc++";
				CLANG_ENABLE_MODULES = YES;
				CLANG_ENABLE_OBJC_ARC = YES;
				CLANG_ENABLE_OBJC_WEAK = YES;
				CLANG_WARN_BLOCK_CAPTURE_AUTORELEASING = YES;
				CLANG_WARN_BOOL_CONVERSION = YES;
				CLANG_WARN_COMMA = YES;
				CLANG_WARN_CONSTANT_CONVERSION = YES;
				CLANG_WARN_DEPRECATED_OBJC_IMPLEMENTATIONS = YES;
				CLANG_WARN_DIRECT_OBJC_ISA_USAGE = YES_ERROR;
				CLANG_WARN_DOCUMENTATION_COMMENTS = YES;
				CLANG_WARN_EMPTY_BODY = YES;
				CLANG_WARN_ENUM_CONVERSION = YES;
				CLANG_WARN_INFINITE_RECURSION = YES;
				CLANG_WARN_INT_CONVERSION = YES;
				CLANG_WARN_NON_LITERAL_NULL_CONVERSION = YES;
				CLANG_WARN_OBJC_IMPLICIT_RETAIN_SELF = YES;
				CLANG_WARN_OBJC_LITERAL_CONVERSION = YES;
				CLANG_WARN_OBJC_ROOT_CLASS = YES_ERROR;
				CLANG_WARN_QUOTED_INCLUDE_IN_FRAMEWORK_HEADER = YES;
				CLANG_WARN_RANGE_LOOP_ANALYSIS = YES;
				CLANG_WARN_STRICT_PROTOTYPES = YES;
				CLANG_WARN_SUSPICIOUS_MOVE = YES;
				CLANG_WARN_UNGUARDED_AVAILABILITY = YES_AGGRESSIVE;
				CLANG_WARN_UNREACHABLE_CODE = YES;
				CLANG_WARN__DUPLICATE_METHOD_MATCH = YES;
				COPY_PHASE_STRIP = NO;
				DEBUG_INFORMATION_FORMAT = "dwarf-with-dsym";
				ENABLE_NS_ASSERTIONS = NO;
				ENABLE_STRICT_OBJC_MSGSEND = YES;
				GCC_C_LANGUAGE_STANDARD = gnu11;
				GCC_NO_COMMON_BLOCKS = YES;
				GCC_WARN_64_TO_32_BIT_CONVERSION = YES;
				GCC_WARN_ABOUT_RETURN_TYPE = YES_ERROR;
				GCC_WARN_UNDECLARED_SELECTOR = YES;
				GCC_WARN_UNINITIALIZED_AUTOS = YES_AGGRESSIVE;
				GCC_WARN_UNUSED_FUNCTION = YES;
				GCC_WARN_UNUSED_VARIABLE = YES;
				IPHONEOS_DEPLOYMENT_TARGET = 14.2;
				MTL_ENABLE_DEBUG_INFO = NO;
				MTL_FAST_MATH = YES;
				SDKROOT = iphoneos;
				TARGETED_DEVICE_FAMILY = 2;
				VALIDATE_PRODUCT = YES;
			};
			name = Release;
		};
		8E96B7D1257F33D4007527E2 /* Debug */ = {
			isa = XCBuildConfiguration;
			buildSettings = {
				ASSETCATALOG_COMPILER_APPICON_NAME = AppIcon;
				ASSETCATALOG_COMPILER_GLOBAL_ACCENT_COLOR_NAME = AccentColor;
				CLANG_ENABLE_MODULES = YES;
				CODE_SIGN_ENTITLEMENTS = MoireStudies/MoireStudies.entitlements;
				CODE_SIGN_STYLE = Automatic;
				DEVELOPMENT_TEAM = 3JN39R4EL8;
				INFOPLIST_FILE = MoireStudies/Info.plist;
				LD_RUNPATH_SEARCH_PATHS = (
					"$(inherited)",
					"@executable_path/Frameworks",
				);
				PRODUCT_BUNDLE_IDENTIFIER = JX.MoireStudies;
				PRODUCT_NAME = "$(TARGET_NAME)";
				SUPPORTS_MACCATALYST = YES;
				SWIFT_OBJC_BRIDGING_HEADER = "MoireStudies/MoireStudies-Bridging-Header.h";
				SWIFT_OPTIMIZATION_LEVEL = "-Onone";
				SWIFT_VERSION = 5.0;
				TARGETED_DEVICE_FAMILY = 2;
			};
			name = Debug;
		};
		8E96B7D2257F33D4007527E2 /* Release */ = {
			isa = XCBuildConfiguration;
			buildSettings = {
				ASSETCATALOG_COMPILER_APPICON_NAME = AppIcon;
				ASSETCATALOG_COMPILER_GLOBAL_ACCENT_COLOR_NAME = AccentColor;
				CLANG_ENABLE_MODULES = YES;
				CODE_SIGN_ENTITLEMENTS = MoireStudies/MoireStudies.entitlements;
				CODE_SIGN_STYLE = Automatic;
				DEVELOPMENT_TEAM = 3JN39R4EL8;
				INFOPLIST_FILE = MoireStudies/Info.plist;
				LD_RUNPATH_SEARCH_PATHS = (
					"$(inherited)",
					"@executable_path/Frameworks",
				);
				PRODUCT_BUNDLE_IDENTIFIER = JX.MoireStudies;
				PRODUCT_NAME = "$(TARGET_NAME)";
				SUPPORTS_MACCATALYST = YES;
				SWIFT_OBJC_BRIDGING_HEADER = "MoireStudies/MoireStudies-Bridging-Header.h";
				SWIFT_VERSION = 5.0;
				TARGETED_DEVICE_FAMILY = 2;
			};
			name = Release;
		};
		8E96B7D4257F33D4007527E2 /* Debug */ = {
			isa = XCBuildConfiguration;
			buildSettings = {
				ALWAYS_EMBED_SWIFT_STANDARD_LIBRARIES = YES;
				BUNDLE_LOADER = "$(TEST_HOST)";
				CLANG_ENABLE_MODULES = YES;
				CODE_SIGN_STYLE = Automatic;
				DEVELOPMENT_TEAM = 3JN39R4EL8;
				INFOPLIST_FILE = MoireStudiesTests/Info.plist;
				IPHONEOS_DEPLOYMENT_TARGET = 14.2;
				LD_RUNPATH_SEARCH_PATHS = (
					"$(inherited)",
					"@executable_path/Frameworks",
					"@loader_path/Frameworks",
				);
				PRODUCT_BUNDLE_IDENTIFIER = JX.MoireStudiesTests;
				PRODUCT_NAME = "$(TARGET_NAME)";
				SWIFT_INSTALL_OBJC_HEADER = NO;
				SWIFT_OBJC_BRIDGING_HEADER = "MoireStudiesTests/MoireStudiesTests-Bridging-Header.h";
				SWIFT_OPTIMIZATION_LEVEL = "-Onone";
				SWIFT_PRECOMPILE_BRIDGING_HEADER = YES;
				SWIFT_VERSION = 5.0;
				TARGETED_DEVICE_FAMILY = "1,2";
				TEST_HOST = "$(BUILT_PRODUCTS_DIR)/MoireStudies.app/MoireStudies";
			};
			name = Debug;
		};
		8E96B7D5257F33D4007527E2 /* Release */ = {
			isa = XCBuildConfiguration;
			buildSettings = {
				ALWAYS_EMBED_SWIFT_STANDARD_LIBRARIES = YES;
				BUNDLE_LOADER = "$(TEST_HOST)";
				CLANG_ENABLE_MODULES = YES;
				CODE_SIGN_STYLE = Automatic;
				DEVELOPMENT_TEAM = 3JN39R4EL8;
				INFOPLIST_FILE = MoireStudiesTests/Info.plist;
				IPHONEOS_DEPLOYMENT_TARGET = 14.2;
				LD_RUNPATH_SEARCH_PATHS = (
					"$(inherited)",
					"@executable_path/Frameworks",
					"@loader_path/Frameworks",
				);
				PRODUCT_BUNDLE_IDENTIFIER = JX.MoireStudiesTests;
				PRODUCT_NAME = "$(TARGET_NAME)";
				SWIFT_INSTALL_OBJC_HEADER = NO;
				SWIFT_OBJC_BRIDGING_HEADER = "MoireStudiesTests/MoireStudiesTests-Bridging-Header.h";
				SWIFT_PRECOMPILE_BRIDGING_HEADER = YES;
				SWIFT_VERSION = 5.0;
				TARGETED_DEVICE_FAMILY = "1,2";
				TEST_HOST = "$(BUILT_PRODUCTS_DIR)/MoireStudies.app/MoireStudies";
			};
			name = Release;
		};
		8E96B7D7257F33D4007527E2 /* Debug */ = {
			isa = XCBuildConfiguration;
			buildSettings = {
				ALWAYS_EMBED_SWIFT_STANDARD_LIBRARIES = YES;
				CLANG_ENABLE_MODULES = YES;
				CODE_SIGN_STYLE = Automatic;
				DEVELOPMENT_TEAM = 3JN39R4EL8;
				INFOPLIST_FILE = MoireStudiesUITests/Info.plist;
				LD_RUNPATH_SEARCH_PATHS = (
					"$(inherited)",
					"@executable_path/Frameworks",
					"@loader_path/Frameworks",
				);
				PRODUCT_BUNDLE_IDENTIFIER = JX.MoireStudiesUITests;
				PRODUCT_NAME = "$(TARGET_NAME)";
				SWIFT_INSTALL_OBJC_HEADER = NO;
				SWIFT_OBJC_BRIDGING_HEADER = "MoireStudiesUITests/MoireStudiesUITests-Bridging-Header.h";
				SWIFT_OPTIMIZATION_LEVEL = "-Onone";
				SWIFT_PRECOMPILE_BRIDGING_HEADER = YES;
				SWIFT_VERSION = 5.0;
				TARGETED_DEVICE_FAMILY = "1,2";
				TEST_TARGET_NAME = MoireStudies;
			};
			name = Debug;
		};
		8E96B7D8257F33D4007527E2 /* Release */ = {
			isa = XCBuildConfiguration;
			buildSettings = {
				ALWAYS_EMBED_SWIFT_STANDARD_LIBRARIES = YES;
				CLANG_ENABLE_MODULES = YES;
				CODE_SIGN_STYLE = Automatic;
				DEVELOPMENT_TEAM = 3JN39R4EL8;
				INFOPLIST_FILE = MoireStudiesUITests/Info.plist;
				LD_RUNPATH_SEARCH_PATHS = (
					"$(inherited)",
					"@executable_path/Frameworks",
					"@loader_path/Frameworks",
				);
				PRODUCT_BUNDLE_IDENTIFIER = JX.MoireStudiesUITests;
				PRODUCT_NAME = "$(TARGET_NAME)";
				SWIFT_INSTALL_OBJC_HEADER = NO;
				SWIFT_OBJC_BRIDGING_HEADER = "MoireStudiesUITests/MoireStudiesUITests-Bridging-Header.h";
				SWIFT_PRECOMPILE_BRIDGING_HEADER = YES;
				SWIFT_VERSION = 5.0;
				TARGETED_DEVICE_FAMILY = "1,2";
				TEST_TARGET_NAME = MoireStudies;
			};
			name = Release;
		};
/* End XCBuildConfiguration section */

/* Begin XCConfigurationList section */
		8E96B79C257F33CF007527E2 /* Build configuration list for PBXProject "MoireStudies" */ = {
			isa = XCConfigurationList;
			buildConfigurations = (
				8E96B7CE257F33D4007527E2 /* Debug */,
				8E96B7CF257F33D4007527E2 /* Release */,
			);
			defaultConfigurationIsVisible = 0;
			defaultConfigurationName = Release;
		};
		8E96B7D0257F33D4007527E2 /* Build configuration list for PBXNativeTarget "MoireStudies" */ = {
			isa = XCConfigurationList;
			buildConfigurations = (
				8E96B7D1257F33D4007527E2 /* Debug */,
				8E96B7D2257F33D4007527E2 /* Release */,
			);
			defaultConfigurationIsVisible = 0;
			defaultConfigurationName = Release;
		};
		8E96B7D3257F33D4007527E2 /* Build configuration list for PBXNativeTarget "MoireStudiesTests" */ = {
			isa = XCConfigurationList;
			buildConfigurations = (
				8E96B7D4257F33D4007527E2 /* Debug */,
				8E96B7D5257F33D4007527E2 /* Release */,
			);
			defaultConfigurationIsVisible = 0;
			defaultConfigurationName = Release;
		};
		8E96B7D6257F33D4007527E2 /* Build configuration list for PBXNativeTarget "MoireStudiesUITests" */ = {
			isa = XCConfigurationList;
			buildConfigurations = (
				8E96B7D7257F33D4007527E2 /* Debug */,
				8E96B7D8257F33D4007527E2 /* Release */,
			);
			defaultConfigurationIsVisible = 0;
			defaultConfigurationName = Release;
		};
/* End XCConfigurationList section */
	};
	rootObject = 8E96B799257F33CF007527E2 /* Project object */;
}
